// !$*UTF8*$!
{
	archiveVersion = 1;
	classes = {
	};
	objectVersion = 77;
	objects = {

/* Begin PBXBuildFile section */
		2A139F322E9F027900C499DA /* Jarvis in Frameworks */ = {isa = PBXBuildFile; productRef = 2A139F312E9F027900C499DA /* Jarvis */; };
		2A139F342E9F027900C499DA /* JarvisInspector in Frameworks */ = {isa = PBXBuildFile; productRef = 2A139F332E9F027900C499DA /* JarvisInspector */; };
		2A139F362E9F027900C499DA /* JarvisPreferences in Frameworks */ = {isa = PBXBuildFile; productRef = 2A139F352E9F027900C499DA /* JarvisPreferences */; };
		2A13A0072E9F977900C499DA /* Jarvis in Frameworks */ = {isa = PBXBuildFile; productRef = 2A13A0062E9F977900C499DA /* Jarvis */; };
		2A13A0092E9F977900C499DA /* JarvisInspector in Frameworks */ = {isa = PBXBuildFile; productRef = 2A13A0082E9F977900C499DA /* JarvisInspector */; };
		2A13A00B2E9F977900C499DA /* JarvisPreferences in Frameworks */ = {isa = PBXBuildFile; productRef = 2A13A00A2E9F977900C499DA /* JarvisPreferences */; };
		2A13A00E2EA41C1200C499DA /* DesignSystem in Frameworks */ = {isa = PBXBuildFile; productRef = 2A13A00D2EA41C1200C499DA /* DesignSystem */; };
		2A13A0742EA52F3F00C499DA /* DesignSystem in Frameworks */ = {isa = PBXBuildFile; productRef = 2A13A0732EA52F3F00C499DA /* DesignSystem */; };
		2A13A0792EA5722400C499DA /* DesignSystem in Frameworks */ = {isa = PBXBuildFile; productRef = 2A13A0782EA5722400C499DA /* DesignSystem */; };
		2A6523082EAD6CFF0080EB38 /* DesignSystem in Frameworks */ = {isa = PBXBuildFile; productRef = 2A6523072EAD6CFF0080EB38 /* DesignSystem */; };
		2A6523DF2EAD9F5B0080EB38 /* Jarvis in Frameworks */ = {isa = PBXBuildFile; productRef = 2A6523DE2EAD9F5B0080EB38 /* Jarvis */; };
		2A6523E12EAD9F5B0080EB38 /* JarvisInspector in Frameworks */ = {isa = PBXBuildFile; productRef = 2A6523E02EAD9F5B0080EB38 /* JarvisInspector */; };
		2A6523E32EAD9F5B0080EB38 /* JarvisPreferences in Frameworks */ = {isa = PBXBuildFile; productRef = 2A6523E22EAD9F5B0080EB38 /* JarvisPreferences */; };
		2A6523E62EAE57850080EB38 /* Jarvis in Frameworks */ = {isa = PBXBuildFile; productRef = 2A6523E52EAE57850080EB38 /* Jarvis */; };
		2A6523E82EAE57850080EB38 /* JarvisInspector in Frameworks */ = {isa = PBXBuildFile; productRef = 2A6523E72EAE57850080EB38 /* JarvisInspector */; };
		2A6523EA2EAE57850080EB38 /* JarvisPreferences in Frameworks */ = {isa = PBXBuildFile; productRef = 2A6523E92EAE57850080EB38 /* JarvisPreferences */; };
		2A6524572EAEAA7C0080EB38 /* Jarvis in Frameworks */ = {isa = PBXBuildFile; productRef = 2A6524562EAEAA7C0080EB38 /* Jarvis */; };
		2A6524592EAEAA7C0080EB38 /* JarvisInspector in Frameworks */ = {isa = PBXBuildFile; productRef = 2A6524582EAEAA7C0080EB38 /* JarvisInspector */; };
		2A65245B2EAEAA7C0080EB38 /* JarvisPreferences in Frameworks */ = {isa = PBXBuildFile; productRef = 2A65245A2EAEAA7C0080EB38 /* JarvisPreferences */; };
		2A65245E2EAEBAD50080EB38 /* Jarvis in Frameworks */ = {isa = PBXBuildFile; productRef = 2A65245D2EAEBAD50080EB38 /* Jarvis */; };
		2A6524602EAEBAD50080EB38 /* JarvisInspector in Frameworks */ = {isa = PBXBuildFile; productRef = 2A65245F2EAEBAD50080EB38 /* JarvisInspector */; };
		2A6524622EAEBAD50080EB38 /* JarvisPreferences in Frameworks */ = {isa = PBXBuildFile; productRef = 2A6524612EAEBAD50080EB38 /* JarvisPreferences */; };
		2A6524652EAFFD320080EB38 /* Jarvis in Frameworks */ = {isa = PBXBuildFile; productRef = 2A6524642EAFFD320080EB38 /* Jarvis */; };
		2A6524672EAFFD320080EB38 /* JarvisInspector in Frameworks */ = {isa = PBXBuildFile; productRef = 2A6524662EAFFD320080EB38 /* JarvisInspector */; };
		2A6524692EAFFD320080EB38 /* JarvisPreferences in Frameworks */ = {isa = PBXBuildFile; productRef = 2A6524682EAFFD320080EB38 /* JarvisPreferences */; };
		2AD613E52EB66B5700C697C4 /* Jarvis in Frameworks */ = {isa = PBXBuildFile; productRef = 2AD613E42EB66B5700C697C4 /* Jarvis */; };
		2AD613E72EB66B5700C697C4 /* JarvisInspector in Frameworks */ = {isa = PBXBuildFile; productRef = 2AD613E62EB66B5700C697C4 /* JarvisInspector */; };
		2AD613E92EB66B5700C697C4 /* JarvisPreferences in Frameworks */ = {isa = PBXBuildFile; productRef = 2AD613E82EB66B5700C697C4 /* JarvisPreferences */; };
		2AD613EC2EB6B29400C697C4 /* Jarvis in Frameworks */ = {isa = PBXBuildFile; productRef = 2AD613EB2EB6B29400C697C4 /* Jarvis */; };
		2AD613EE2EB6B29400C697C4 /* JarvisInspector in Frameworks */ = {isa = PBXBuildFile; productRef = 2AD613ED2EB6B29400C697C4 /* JarvisInspector */; };
		2AD613F02EB6B29400C697C4 /* JarvisPreferences in Frameworks */ = {isa = PBXBuildFile; productRef = 2AD613EF2EB6B29400C697C4 /* JarvisPreferences */; };
		2AD613F32EB6B4A200C697C4 /* Jarvis in Frameworks */ = {isa = PBXBuildFile; productRef = 2AD613F22EB6B4A200C697C4 /* Jarvis */; };
		2AD613F52EB6B4A200C697C4 /* JarvisInspector in Frameworks */ = {isa = PBXBuildFile; productRef = 2AD613F42EB6B4A200C697C4 /* JarvisInspector */; };
		2AD613F72EB6B4A200C697C4 /* JarvisPreferences in Frameworks */ = {isa = PBXBuildFile; productRef = 2AD613F62EB6B4A200C697C4 /* JarvisPreferences */; };
		2AD613FA2EB6B53200C697C4 /* Jarvis in Frameworks */ = {isa = PBXBuildFile; productRef = 2AD613F92EB6B53200C697C4 /* Jarvis */; };
		2AD613FC2EB6B53200C697C4 /* JarvisInspector in Frameworks */ = {isa = PBXBuildFile; productRef = 2AD613FB2EB6B53200C697C4 /* JarvisInspector */; };
		2AD613FE2EB6B53200C697C4 /* JarvisPreferences in Frameworks */ = {isa = PBXBuildFile; productRef = 2AD613FD2EB6B53200C697C4 /* JarvisPreferences */; };
		2AD614012EB6B8A300C697C4 /* Jarvis in Frameworks */ = {isa = PBXBuildFile; productRef = 2AD614002EB6B8A300C697C4 /* Jarvis */; };
		2AD614032EB6B8A300C697C4 /* JarvisInspector in Frameworks */ = {isa = PBXBuildFile; productRef = 2AD614022EB6B8A300C697C4 /* JarvisInspector */; };
		2AD614052EB6B8A300C697C4 /* JarvisPreferences in Frameworks */ = {isa = PBXBuildFile; productRef = 2AD614042EB6B8A300C697C4 /* JarvisPreferences */; };
		2AD614082EB6C7B300C697C4 /* Jarvis in Frameworks */ = {isa = PBXBuildFile; productRef = 2AD614072EB6C7B300C697C4 /* Jarvis */; };
		2AD6140A2EB6C7B300C697C4 /* JarvisInspector in Frameworks */ = {isa = PBXBuildFile; productRef = 2AD614092EB6C7B300C697C4 /* JarvisInspector */; };
		2AD6140C2EB6C7B300C697C4 /* JarvisPreferences in Frameworks */ = {isa = PBXBuildFile; productRef = 2AD6140B2EB6C7B300C697C4 /* JarvisPreferences */; };
		2AD6140F2EB7789300C697C4 /* Jarvis in Frameworks */ = {isa = PBXBuildFile; productRef = 2AD6140E2EB7789300C697C4 /* Jarvis */; };
		2AD614112EB7789300C697C4 /* JarvisInspector in Frameworks */ = {isa = PBXBuildFile; productRef = 2AD614102EB7789300C697C4 /* JarvisInspector */; };
		2AD614132EB7789300C697C4 /* JarvisPreferences in Frameworks */ = {isa = PBXBuildFile; productRef = 2AD614122EB7789300C697C4 /* JarvisPreferences */; };
		2AD614162EB7ED9400C697C4 /* Jarvis in Frameworks */ = {isa = PBXBuildFile; productRef = 2AD614152EB7ED9400C697C4 /* Jarvis */; };
		2AD614182EB7ED9400C697C4 /* JarvisInspector in Frameworks */ = {isa = PBXBuildFile; productRef = 2AD614172EB7ED9400C697C4 /* JarvisInspector */; };
		2AD6141A2EB7ED9400C697C4 /* JarvisPreferences in Frameworks */ = {isa = PBXBuildFile; productRef = 2AD614192EB7ED9400C697C4 /* JarvisPreferences */; };
		2AD6141D2EB7F08D00C697C4 /* Jarvis in Frameworks */ = {isa = PBXBuildFile; productRef = 2AD6141C2EB7F08D00C697C4 /* Jarvis */; };
		2AD6141F2EB7F08D00C697C4 /* JarvisInspector in Frameworks */ = {isa = PBXBuildFile; productRef = 2AD6141E2EB7F08D00C697C4 /* JarvisInspector */; };
		2AD614212EB7F08D00C697C4 /* JarvisPreferences in Frameworks */ = {isa = PBXBuildFile; productRef = 2AD614202EB7F08D00C697C4 /* JarvisPreferences */; };
		2AD614242EB7F1D600C697C4 /* Jarvis in Frameworks */ = {isa = PBXBuildFile; productRef = 2AD614232EB7F1D600C697C4 /* Jarvis */; };
		2AD614262EB7F1D600C697C4 /* JarvisInspector in Frameworks */ = {isa = PBXBuildFile; productRef = 2AD614252EB7F1D600C697C4 /* JarvisInspector */; };
		2AD614282EB7F1D600C697C4 /* JarvisPreferences in Frameworks */ = {isa = PBXBuildFile; productRef = 2AD614272EB7F1D600C697C4 /* JarvisPreferences */; };
		2AD6142B2EB8006700C697C4 /* Jarvis in Frameworks */ = {isa = PBXBuildFile; productRef = 2AD6142A2EB8006700C697C4 /* Jarvis */; };
		2AD6142D2EB8006700C697C4 /* JarvisInspector in Frameworks */ = {isa = PBXBuildFile; productRef = 2AD6142C2EB8006700C697C4 /* JarvisInspector */; };
		2AD6142F2EB8006700C697C4 /* JarvisPreferences in Frameworks */ = {isa = PBXBuildFile; productRef = 2AD6142E2EB8006700C697C4 /* JarvisPreferences */; };
		2AD614322EB8056300C697C4 /* Jarvis in Frameworks */ = {isa = PBXBuildFile; productRef = 2AD614312EB8056300C697C4 /* Jarvis */; };
		2AD614342EB8056300C697C4 /* JarvisInspector in Frameworks */ = {isa = PBXBuildFile; productRef = 2AD614332EB8056300C697C4 /* JarvisInspector */; };
		2AD614362EB8056300C697C4 /* JarvisPreferences in Frameworks */ = {isa = PBXBuildFile; productRef = 2AD614352EB8056300C697C4 /* JarvisPreferences */; };
		2AD614392EB8BA4000C697C4 /* Jarvis in Frameworks */ = {isa = PBXBuildFile; productRef = 2AD614382EB8BA4000C697C4 /* Jarvis */; };
		2AD6143B2EB8BA4000C697C4 /* JarvisInspector in Frameworks */ = {isa = PBXBuildFile; productRef = 2AD6143A2EB8BA4000C697C4 /* JarvisInspector */; };
		2AD6143D2EB8BA4000C697C4 /* JarvisPreferences in Frameworks */ = {isa = PBXBuildFile; productRef = 2AD6143C2EB8BA4000C697C4 /* JarvisPreferences */; };
		2AD614402EB8C18800C697C4 /* DesignSystem in Frameworks */ = {isa = PBXBuildFile; productRef = 2AD6143F2EB8C18800C697C4 /* DesignSystem */; };
		2AD614432EB8C19400C697C4 /* Jarvis in Frameworks */ = {isa = PBXBuildFile; productRef = 2AD614422EB8C19400C697C4 /* Jarvis */; };
		2AD614452EB8C19400C697C4 /* JarvisInspector in Frameworks */ = {isa = PBXBuildFile; productRef = 2AD614442EB8C19400C697C4 /* JarvisInspector */; };
		2AD614472EB8C19400C697C4 /* JarvisPreferences in Frameworks */ = {isa = PBXBuildFile; productRef = 2AD614462EB8C19400C697C4 /* JarvisPreferences */; };
		2AD6144A2EB8E32900C697C4 /* DesignSystem in Frameworks */ = {isa = PBXBuildFile; productRef = 2AD614492EB8E32900C697C4 /* DesignSystem */; };
		2AD6144D2EB96BB500C697C4 /* Jarvis in Frameworks */ = {isa = PBXBuildFile; productRef = 2AD6144C2EB96BB500C697C4 /* Jarvis */; };
		2AD6144F2EB96BB500C697C4 /* JarvisInspector in Frameworks */ = {isa = PBXBuildFile; productRef = 2AD6144E2EB96BB500C697C4 /* JarvisInspector */; };
		2AD614512EB96BB500C697C4 /* JarvisPreferences in Frameworks */ = {isa = PBXBuildFile; productRef = 2AD614502EB96BB500C697C4 /* JarvisPreferences */; };
		2AD614542EBA262900C697C4 /* Jarvis in Frameworks */ = {isa = PBXBuildFile; productRef = 2AD614532EBA262900C697C4 /* Jarvis */; };
		2AD614562EBA262900C697C4 /* JarvisInspector in Frameworks */ = {isa = PBXBuildFile; productRef = 2AD614552EBA262900C697C4 /* JarvisInspector */; };
		2AD614582EBA262900C697C4 /* JarvisPreferences in Frameworks */ = {isa = PBXBuildFile; productRef = 2AD614572EBA262900C697C4 /* JarvisPreferences */; };
		2AD6145B2EBA57A300C697C4 /* Jarvis in Frameworks */ = {isa = PBXBuildFile; productRef = 2AD6145A2EBA57A300C697C4 /* Jarvis */; };
		2AD6145D2EBA57A300C697C4 /* JarvisInspector in Frameworks */ = {isa = PBXBuildFile; productRef = 2AD6145C2EBA57A300C697C4 /* JarvisInspector */; };
		2AD6145F2EBA57A300C697C4 /* JarvisPreferences in Frameworks */ = {isa = PBXBuildFile; productRef = 2AD6145E2EBA57A300C697C4 /* JarvisPreferences */; };
		2AD614622EBA69D500C697C4 /* Jarvis in Frameworks */ = {isa = PBXBuildFile; productRef = 2AD614612EBA69D500C697C4 /* Jarvis */; };
		2AD614642EBA69D500C697C4 /* JarvisInspector in Frameworks */ = {isa = PBXBuildFile; productRef = 2AD614632EBA69D500C697C4 /* JarvisInspector */; };
		2AD614662EBA69D500C697C4 /* JarvisPreferences in Frameworks */ = {isa = PBXBuildFile; productRef = 2AD614652EBA69D500C697C4 /* JarvisPreferences */; };
		2AD614692EBA6A7800C697C4 /* Jarvis in Frameworks */ = {isa = PBXBuildFile; productRef = 2AD614682EBA6A7800C697C4 /* Jarvis */; };
		2AD6146B2EBA6A7800C697C4 /* JarvisInspector in Frameworks */ = {isa = PBXBuildFile; productRef = 2AD6146A2EBA6A7800C697C4 /* JarvisInspector */; };
		2AD6146D2EBA6A7800C697C4 /* JarvisPreferences in Frameworks */ = {isa = PBXBuildFile; productRef = 2AD6146C2EBA6A7800C697C4 /* JarvisPreferences */; };
		2AD614702EBAA77200C697C4 /* Jarvis in Frameworks */ = {isa = PBXBuildFile; productRef = 2AD6146F2EBAA77200C697C4 /* Jarvis */; };
		2AD614722EBAA77200C697C4 /* JarvisInspector in Frameworks */ = {isa = PBXBuildFile; productRef = 2AD614712EBAA77200C697C4 /* JarvisInspector */; };
		2AD614742EBAA77200C697C4 /* JarvisPreferences in Frameworks */ = {isa = PBXBuildFile; productRef = 2AD614732EBAA77200C697C4 /* JarvisPreferences */; };
		2AD614772EBAAC8300C697C4 /* Jarvis in Frameworks */ = {isa = PBXBuildFile; productRef = 2AD614762EBAAC8300C697C4 /* Jarvis */; };
		2AD614792EBAAC8300C697C4 /* JarvisInspector in Frameworks */ = {isa = PBXBuildFile; productRef = 2AD614782EBAAC8300C697C4 /* JarvisInspector */; };
		2AD6147B2EBAAC8300C697C4 /* JarvisPreferences in Frameworks */ = {isa = PBXBuildFile; productRef = 2AD6147A2EBAAC8300C697C4 /* JarvisPreferences */; };
		2AD6147E2EBAC50300C697C4 /* Jarvis in Frameworks */ = {isa = PBXBuildFile; productRef = 2AD6147D2EBAC50300C697C4 /* Jarvis */; };
		2AD614802EBAC50300C697C4 /* JarvisInspector in Frameworks */ = {isa = PBXBuildFile; productRef = 2AD6147F2EBAC50300C697C4 /* JarvisInspector */; };
		2AD614822EBAC50300C697C4 /* JarvisPreferences in Frameworks */ = {isa = PBXBuildFile; productRef = 2AD614812EBAC50300C697C4 /* JarvisPreferences */; };
		2AD614872EBB5FBB00C697C4 /* Jarvis in Frameworks */ = {isa = PBXBuildFile; productRef = 2AD614862EBB5FBB00C697C4 /* Jarvis */; };
		2AD614892EBB5FBB00C697C4 /* JarvisInspector in Frameworks */ = {isa = PBXBuildFile; productRef = 2AD614882EBB5FBB00C697C4 /* JarvisInspector */; };
		2AD6148B2EBB5FBB00C697C4 /* JarvisPreferences in Frameworks */ = {isa = PBXBuildFile; productRef = 2AD6148A2EBB5FBB00C697C4 /* JarvisPreferences */; };
		2AD6148E2EBB610400C697C4 /* Jarvis in Frameworks */ = {isa = PBXBuildFile; productRef = 2AD6148D2EBB610400C697C4 /* Jarvis */; };
		2AD614902EBB610400C697C4 /* JarvisInspector in Frameworks */ = {isa = PBXBuildFile; productRef = 2AD6148F2EBB610400C697C4 /* JarvisInspector */; };
		2AD614922EBB610400C697C4 /* JarvisPreferences in Frameworks */ = {isa = PBXBuildFile; productRef = 2AD614912EBB610400C697C4 /* JarvisPreferences */; };
		2AD614972EBBB89100C697C4 /* Jarvis in Frameworks */ = {isa = PBXBuildFile; productRef = 2AD614962EBBB89100C697C4 /* Jarvis */; };
		2AD614992EBBB89100C697C4 /* JarvisInspector in Frameworks */ = {isa = PBXBuildFile; productRef = 2AD614982EBBB89100C697C4 /* JarvisInspector */; };
		2AD6149B2EBBB89100C697C4 /* JarvisPreferences in Frameworks */ = {isa = PBXBuildFile; productRef = 2AD6149A2EBBB89100C697C4 /* JarvisPreferences */; };
		2AD6149E2EBC10F700C697C4 /* Jarvis in Frameworks */ = {isa = PBXBuildFile; productRef = 2AD6149D2EBC10F700C697C4 /* Jarvis */; };
		2AD614A02EBC10F700C697C4 /* JarvisInspector in Frameworks */ = {isa = PBXBuildFile; productRef = 2AD6149F2EBC10F700C697C4 /* JarvisInspector */; };
		2AD614A22EBC10F700C697C4 /* JarvisPreferences in Frameworks */ = {isa = PBXBuildFile; productRef = 2AD614A12EBC10F700C697C4 /* JarvisPreferences */; };
		2AD614A52EBC20B000C697C4 /* Jarvis in Frameworks */ = {isa = PBXBuildFile; productRef = 2AD614A42EBC20B000C697C4 /* Jarvis */; };
		2AD614A72EBC20B000C697C4 /* JarvisInspector in Frameworks */ = {isa = PBXBuildFile; productRef = 2AD614A62EBC20B000C697C4 /* JarvisInspector */; };
		2AD614A92EBC20B000C697C4 /* JarvisPreferences in Frameworks */ = {isa = PBXBuildFile; productRef = 2AD614A82EBC20B000C697C4 /* JarvisPreferences */; };
		2AD615802EBD28DC00C697C4 /* Jarvis in Frameworks */ = {isa = PBXBuildFile; productRef = 2AD6157F2EBD28DC00C697C4 /* Jarvis */; };
		2AD615822EBD28DC00C697C4 /* JarvisInspector in Frameworks */ = {isa = PBXBuildFile; productRef = 2AD615812EBD28DC00C697C4 /* JarvisInspector */; };
		2AD615842EBD28DC00C697C4 /* JarvisPreferences in Frameworks */ = {isa = PBXBuildFile; productRef = 2AD615832EBD28DC00C697C4 /* JarvisPreferences */; };
		2AD615872EBD29A600C697C4 /* Jarvis in Frameworks */ = {isa = PBXBuildFile; productRef = 2AD615862EBD29A600C697C4 /* Jarvis */; };
		2AD615892EBD29A600C697C4 /* JarvisInspector in Frameworks */ = {isa = PBXBuildFile; productRef = 2AD615882EBD29A600C697C4 /* JarvisInspector */; };
		2AD6158B2EBD29A600C697C4 /* JarvisPreferences in Frameworks */ = {isa = PBXBuildFile; productRef = 2AD6158A2EBD29A600C697C4 /* JarvisPreferences */; };
		2AD6158E2EBD371700C697C4 /* Jarvis in Frameworks */ = {isa = PBXBuildFile; productRef = 2AD6158D2EBD371700C697C4 /* Jarvis */; };
		2AD615902EBD371700C697C4 /* JarvisInspector in Frameworks */ = {isa = PBXBuildFile; productRef = 2AD6158F2EBD371700C697C4 /* JarvisInspector */; };
		2AD615922EBD371700C697C4 /* JarvisPreferences in Frameworks */ = {isa = PBXBuildFile; productRef = 2AD615912EBD371700C697C4 /* JarvisPreferences */; };
		2AD615952EBDF10700C697C4 /* Jarvis in Frameworks */ = {isa = PBXBuildFile; productRef = 2AD615942EBDF10700C697C4 /* Jarvis */; };
		2AD615972EBDF10700C697C4 /* JarvisInspector in Frameworks */ = {isa = PBXBuildFile; productRef = 2AD615962EBDF10700C697C4 /* JarvisInspector */; };
		2AD615992EBDF10700C697C4 /* JarvisPreferences in Frameworks */ = {isa = PBXBuildFile; productRef = 2AD615982EBDF10700C697C4 /* JarvisPreferences */; };
		2AD6159C2EBE161100C697C4 /* Jarvis in Frameworks */ = {isa = PBXBuildFile; productRef = 2AD6159B2EBE161100C697C4 /* Jarvis */; };
		2AD6159E2EBE161100C697C4 /* JarvisInspector in Frameworks */ = {isa = PBXBuildFile; productRef = 2AD6159D2EBE161100C697C4 /* JarvisInspector */; };
		2AD615A02EBE161100C697C4 /* JarvisPreferences in Frameworks */ = {isa = PBXBuildFile; productRef = 2AD6159F2EBE161100C697C4 /* JarvisPreferences */; };
		2AD615A32EBE2D5000C697C4 /* Jarvis in Frameworks */ = {isa = PBXBuildFile; productRef = 2AD615A22EBE2D5000C697C4 /* Jarvis */; };
		2AD615A52EBE2D5000C697C4 /* JarvisInspector in Frameworks */ = {isa = PBXBuildFile; productRef = 2AD615A42EBE2D5000C697C4 /* JarvisInspector */; };
		2AD615A72EBE2D5000C697C4 /* JarvisPreferences in Frameworks */ = {isa = PBXBuildFile; productRef = 2AD615A62EBE2D5000C697C4 /* JarvisPreferences */; };
		2AD615AA2EBE33D400C697C4 /* Jarvis in Frameworks */ = {isa = PBXBuildFile; productRef = 2AD615A92EBE33D400C697C4 /* Jarvis */; };
		2AD615AC2EBE33D400C697C4 /* JarvisInspector in Frameworks */ = {isa = PBXBuildFile; productRef = 2AD615AB2EBE33D400C697C4 /* JarvisInspector */; };
		2AD615AE2EBE33D400C697C4 /* JarvisPreferences in Frameworks */ = {isa = PBXBuildFile; productRef = 2AD615AD2EBE33D400C697C4 /* JarvisPreferences */; };
		2AD615B12EBE909000C697C4 /* Jarvis in Frameworks */ = {isa = PBXBuildFile; productRef = 2AD615B02EBE909000C697C4 /* Jarvis */; };
		2AD615B32EBE909000C697C4 /* JarvisInspector in Frameworks */ = {isa = PBXBuildFile; productRef = 2AD615B22EBE909000C697C4 /* JarvisInspector */; };
		2AD615B52EBE909000C697C4 /* JarvisPreferences in Frameworks */ = {isa = PBXBuildFile; productRef = 2AD615B42EBE909000C697C4 /* JarvisPreferences */; };
		2AD615B82EBE960700C697C4 /* Jarvis in Frameworks */ = {isa = PBXBuildFile; productRef = 2AD615B72EBE960700C697C4 /* Jarvis */; };
		2AD615BA2EBE960700C697C4 /* JarvisInspector in Frameworks */ = {isa = PBXBuildFile; productRef = 2AD615B92EBE960700C697C4 /* JarvisInspector */; };
		2AD615BC2EBE960700C697C4 /* JarvisPreferences in Frameworks */ = {isa = PBXBuildFile; productRef = 2AD615BB2EBE960700C697C4 /* JarvisPreferences */; };
/* End PBXBuildFile section */

/* Begin PBXContainerItemProxy section */
		2A82D1802E25CDFE00C65589 /* PBXContainerItemProxy */ = {
			isa = PBXContainerItemProxy;
			containerPortal = 2A82D1652E25CDFC00C65589 /* Project object */;
			proxyType = 1;
			remoteGlobalIDString = 2A82D16C2E25CDFC00C65589;
			remoteInfo = JarvisDemo;
		};
		2A82D18A2E25CDFE00C65589 /* PBXContainerItemProxy */ = {
			isa = PBXContainerItemProxy;
			containerPortal = 2A82D1652E25CDFC00C65589 /* Project object */;
			proxyType = 1;
			remoteGlobalIDString = 2A82D16C2E25CDFC00C65589;
			remoteInfo = JarvisDemo;
		};
/* End PBXContainerItemProxy section */

/* Begin PBXFileReference section */
		2A82D16D2E25CDFC00C65589 /* JarvisDemo.app */ = {isa = PBXFileReference; explicitFileType = wrapper.application; includeInIndex = 0; path = JarvisDemo.app; sourceTree = BUILT_PRODUCTS_DIR; };
		2A82D17F2E25CDFE00C65589 /* JarvisDemoTests.xctest */ = {isa = PBXFileReference; explicitFileType = wrapper.cfbundle; includeInIndex = 0; path = JarvisDemoTests.xctest; sourceTree = BUILT_PRODUCTS_DIR; };
		2A82D1892E25CDFE00C65589 /* JarvisDemoUITests.xctest */ = {isa = PBXFileReference; explicitFileType = wrapper.cfbundle; includeInIndex = 0; path = JarvisDemoUITests.xctest; sourceTree = BUILT_PRODUCTS_DIR; };
/* End PBXFileReference section */

/* Begin PBXFileSystemSynchronizedRootGroup section */
		2A82D16F2E25CDFC00C65589 /* JarvisDemo */ = {
			isa = PBXFileSystemSynchronizedRootGroup;
			path = JarvisDemo;
			sourceTree = "<group>";
		};
		2A82D1822E25CDFE00C65589 /* JarvisDemoTests */ = {
			isa = PBXFileSystemSynchronizedRootGroup;
			path = JarvisDemoTests;
			sourceTree = "<group>";
		};
		2A82D18C2E25CDFE00C65589 /* JarvisDemoUITests */ = {
			isa = PBXFileSystemSynchronizedRootGroup;
			path = JarvisDemoUITests;
			sourceTree = "<group>";
		};
/* End PBXFileSystemSynchronizedRootGroup section */

/* Begin PBXFrameworksBuildPhase section */
		2A82D16A2E25CDFC00C65589 /* Frameworks */ = {
			isa = PBXFrameworksBuildPhase;
			buildActionMask = 2147483647;
			files = (
				2AD614992EBBB89100C697C4 /* JarvisInspector in Frameworks */,
				2A6523DF2EAD9F5B0080EB38 /* Jarvis in Frameworks */,
				2A139F322E9F027900C499DA /* Jarvis in Frameworks */,
				2AD6145D2EBA57A300C697C4 /* JarvisInspector in Frameworks */,
				2AD614082EB6C7B300C697C4 /* Jarvis in Frameworks */,
				2AD613E92EB66B5700C697C4 /* JarvisPreferences in Frameworks */,
				2A6524572EAEAA7C0080EB38 /* Jarvis in Frameworks */,
				2AD615842EBD28DC00C697C4 /* JarvisPreferences in Frameworks */,
				2A6524592EAEAA7C0080EB38 /* JarvisInspector in Frameworks */,
				2AD615B82EBE960700C697C4 /* Jarvis in Frameworks */,
				2AD615BC2EBE960700C697C4 /* JarvisPreferences in Frameworks */,
				2AD614542EBA262900C697C4 /* Jarvis in Frameworks */,
				2AD615992EBDF10700C697C4 /* JarvisPreferences in Frameworks */,
				2AD614472EB8C19400C697C4 /* JarvisPreferences in Frameworks */,
				2AD614A92EBC20B000C697C4 /* JarvisPreferences in Frameworks */,
				2AD6159E2EBE161100C697C4 /* JarvisInspector in Frameworks */,
				2AD614892EBB5FBB00C697C4 /* JarvisInspector in Frameworks */,
				2AD615AA2EBE33D400C697C4 /* Jarvis in Frameworks */,
				2A6523EA2EAE57850080EB38 /* JarvisPreferences in Frameworks */,
				2AD615802EBD28DC00C697C4 /* Jarvis in Frameworks */,
				2AD6147B2EBAAC8300C697C4 /* JarvisPreferences in Frameworks */,
				2AD614662EBA69D500C697C4 /* JarvisPreferences in Frameworks */,
				2AD615A52EBE2D5000C697C4 /* JarvisInspector in Frameworks */,
				2AD6145B2EBA57A300C697C4 /* Jarvis in Frameworks */,
				2AD613F72EB6B4A200C697C4 /* JarvisPreferences in Frameworks */,
				2AD614582EBA262900C697C4 /* JarvisPreferences in Frameworks */,
				2AD6144A2EB8E32900C697C4 /* DesignSystem in Frameworks */,
				2AD615AE2EBE33D400C697C4 /* JarvisPreferences in Frameworks */,
				2AD614512EB96BB500C697C4 /* JarvisPreferences in Frameworks */,
				2AD614802EBAC50300C697C4 /* JarvisInspector in Frameworks */,
				2AD614922EBB610400C697C4 /* JarvisPreferences in Frameworks */,
				2AD614322EB8056300C697C4 /* Jarvis in Frameworks */,
				2AD6145F2EBA57A300C697C4 /* JarvisPreferences in Frameworks */,
				2AD614342EB8056300C697C4 /* JarvisInspector in Frameworks */,
				2AD613FE2EB6B53200C697C4 /* JarvisPreferences in Frameworks */,
				2AD614432EB8C19400C697C4 /* Jarvis in Frameworks */,
				2AD614392EB8BA4000C697C4 /* Jarvis in Frameworks */,
				2AD6142D2EB8006700C697C4 /* JarvisInspector in Frameworks */,
				2AD6140A2EB6C7B300C697C4 /* JarvisInspector in Frameworks */,
				2A65245E2EAEBAD50080EB38 /* Jarvis in Frameworks */,
				2AD614012EB6B8A300C697C4 /* Jarvis in Frameworks */,
				2AD6141F2EB7F08D00C697C4 /* JarvisInspector in Frameworks */,
				2AD6148E2EBB610400C697C4 /* Jarvis in Frameworks */,
				2AD614A72EBC20B000C697C4 /* JarvisInspector in Frameworks */,
				2AD615872EBD29A600C697C4 /* Jarvis in Frameworks */,
				2AD614052EB6B8A300C697C4 /* JarvisPreferences in Frameworks */,
				2A13A0072E9F977900C499DA /* Jarvis in Frameworks */,
				2AD614722EBAA77200C697C4 /* JarvisInspector in Frameworks */,
				2A6523E32EAD9F5B0080EB38 /* JarvisPreferences in Frameworks */,
				2AD613EE2EB6B29400C697C4 /* JarvisInspector in Frameworks */,
				2A6524622EAEBAD50080EB38 /* JarvisPreferences in Frameworks */,
				2AD614A52EBC20B000C697C4 /* Jarvis in Frameworks */,
				2AD6158E2EBD371700C697C4 /* Jarvis in Frameworks */,
				2AD614902EBB610400C697C4 /* JarvisInspector in Frameworks */,
				2AD6149B2EBBB89100C697C4 /* JarvisPreferences in Frameworks */,
				2A13A00E2EA41C1200C499DA /* DesignSystem in Frameworks */,
				2AD615AC2EBE33D400C697C4 /* JarvisInspector in Frameworks */,
				2AD613F02EB6B29400C697C4 /* JarvisPreferences in Frameworks */,
				2A6524692EAFFD320080EB38 /* JarvisPreferences in Frameworks */,
				2AD614402EB8C18800C697C4 /* DesignSystem in Frameworks */,
				2A6524602EAEBAD50080EB38 /* JarvisInspector in Frameworks */,
				2AD614182EB7ED9400C697C4 /* JarvisInspector in Frameworks */,
				2AD614872EBB5FBB00C697C4 /* Jarvis in Frameworks */,
				2AD615922EBD371700C697C4 /* JarvisPreferences in Frameworks */,
				2AD6142F2EB8006700C697C4 /* JarvisPreferences in Frameworks */,
				2AD613E72EB66B5700C697C4 /* JarvisInspector in Frameworks */,
				2AD614822EBAC50300C697C4 /* JarvisPreferences in Frameworks */,
				2AD615B12EBE909000C697C4 /* Jarvis in Frameworks */,
				2AD615A02EBE161100C697C4 /* JarvisPreferences in Frameworks */,
				2AD615892EBD29A600C697C4 /* JarvisInspector in Frameworks */,
				2A13A0792EA5722400C499DA /* DesignSystem in Frameworks */,
				2AD6143B2EB8BA4000C697C4 /* JarvisInspector in Frameworks */,
				2AD614A02EBC10F700C697C4 /* JarvisInspector in Frameworks */,
				2AD613E52EB66B5700C697C4 /* Jarvis in Frameworks */,
				2AD614692EBA6A7800C697C4 /* Jarvis in Frameworks */,
				2AD613EC2EB6B29400C697C4 /* Jarvis in Frameworks */,
				2AD6140C2EB6C7B300C697C4 /* JarvisPreferences in Frameworks */,
				2AD615952EBDF10700C697C4 /* Jarvis in Frameworks */,
				2AD614132EB7789300C697C4 /* JarvisPreferences in Frameworks */,
				2A13A0742EA52F3F00C499DA /* DesignSystem in Frameworks */,
				2AD615A32EBE2D5000C697C4 /* Jarvis in Frameworks */,
				2AD614282EB7F1D600C697C4 /* JarvisPreferences in Frameworks */,
				2AD614792EBAAC8300C697C4 /* JarvisInspector in Frameworks */,
				2AD613FC2EB6B53200C697C4 /* JarvisInspector in Frameworks */,
				2AD6141A2EB7ED9400C697C4 /* JarvisPreferences in Frameworks */,
				2A6523082EAD6CFF0080EB38 /* DesignSystem in Frameworks */,
				2AD613F32EB6B4A200C697C4 /* Jarvis in Frameworks */,
				2A139F362E9F027900C499DA /* JarvisPreferences in Frameworks */,
				2AD614032EB6B8A300C697C4 /* JarvisInspector in Frameworks */,
				2AD6142B2EB8006700C697C4 /* Jarvis in Frameworks */,
				2AD615902EBD371700C697C4 /* JarvisInspector in Frameworks */,
				2AD6141D2EB7F08D00C697C4 /* Jarvis in Frameworks */,
				2AD614562EBA262900C697C4 /* JarvisInspector in Frameworks */,
				2AD6146D2EBA6A7800C697C4 /* JarvisPreferences in Frameworks */,
				2AD615B32EBE909000C697C4 /* JarvisInspector in Frameworks */,
				2AD614362EB8056300C697C4 /* JarvisPreferences in Frameworks */,
				2AD6149E2EBC10F700C697C4 /* Jarvis in Frameworks */,
				2A65245B2EAEAA7C0080EB38 /* JarvisPreferences in Frameworks */,
				2AD615822EBD28DC00C697C4 /* JarvisInspector in Frameworks */,
				2AD6140F2EB7789300C697C4 /* Jarvis in Frameworks */,
				2AD6147E2EBAC50300C697C4 /* Jarvis in Frameworks */,
				2AD614262EB7F1D600C697C4 /* JarvisInspector in Frameworks */,
				2AD614242EB7F1D600C697C4 /* Jarvis in Frameworks */,
				2AD614452EB8C19400C697C4 /* JarvisInspector in Frameworks */,
				2AD6158B2EBD29A600C697C4 /* JarvisPreferences in Frameworks */,
				2AD6143D2EB8BA4000C697C4 /* JarvisPreferences in Frameworks */,
				2AD613F52EB6B4A200C697C4 /* JarvisInspector in Frameworks */,
				2AD615A72EBE2D5000C697C4 /* JarvisPreferences in Frameworks */,
				2A6523E82EAE57850080EB38 /* JarvisInspector in Frameworks */,
				2A6523E62EAE57850080EB38 /* Jarvis in Frameworks */,
				2AD614212EB7F08D00C697C4 /* JarvisPreferences in Frameworks */,
				2AD614702EBAA77200C697C4 /* Jarvis in Frameworks */,
				2A139F342E9F027900C499DA /* JarvisInspector in Frameworks */,
				2AD614622EBA69D500C697C4 /* Jarvis in Frameworks */,
				2AD614642EBA69D500C697C4 /* JarvisInspector in Frameworks */,
				2AD614972EBBB89100C697C4 /* Jarvis in Frameworks */,
				2AD6148B2EBB5FBB00C697C4 /* JarvisPreferences in Frameworks */,
				2A6523E12EAD9F5B0080EB38 /* JarvisInspector in Frameworks */,
				2AD614112EB7789300C697C4 /* JarvisInspector in Frameworks */,
				2AD614772EBAAC8300C697C4 /* Jarvis in Frameworks */,
				2AD615BA2EBE960700C697C4 /* JarvisInspector in Frameworks */,
				2AD615B52EBE909000C697C4 /* JarvisPreferences in Frameworks */,
				2AD614162EB7ED9400C697C4 /* Jarvis in Frameworks */,
				2AD613FA2EB6B53200C697C4 /* Jarvis in Frameworks */,
				2AD6159C2EBE161100C697C4 /* Jarvis in Frameworks */,
				2AD6144D2EB96BB500C697C4 /* Jarvis in Frameworks */,
				2A13A00B2E9F977900C499DA /* JarvisPreferences in Frameworks */,
				2A6524672EAFFD320080EB38 /* JarvisInspector in Frameworks */,
				2AD614742EBAA77200C697C4 /* JarvisPreferences in Frameworks */,
				2AD614A22EBC10F700C697C4 /* JarvisPreferences in Frameworks */,
				2AD615972EBDF10700C697C4 /* JarvisInspector in Frameworks */,
				2A13A0092E9F977900C499DA /* JarvisInspector in Frameworks */,
				2AD6144F2EB96BB500C697C4 /* JarvisInspector in Frameworks */,
				2AD6146B2EBA6A7800C697C4 /* JarvisInspector in Frameworks */,
				2A6524652EAFFD320080EB38 /* Jarvis in Frameworks */,
			);
			runOnlyForDeploymentPostprocessing = 0;
		};
		2A82D17C2E25CDFE00C65589 /* Frameworks */ = {
			isa = PBXFrameworksBuildPhase;
			buildActionMask = 2147483647;
			files = (
			);
			runOnlyForDeploymentPostprocessing = 0;
		};
		2A82D1862E25CDFE00C65589 /* Frameworks */ = {
			isa = PBXFrameworksBuildPhase;
			buildActionMask = 2147483647;
			files = (
			);
			runOnlyForDeploymentPostprocessing = 0;
		};
/* End PBXFrameworksBuildPhase section */

/* Begin PBXGroup section */
		2A82D1642E25CDFC00C65589 = {
			isa = PBXGroup;
			children = (
				2A82D16F2E25CDFC00C65589 /* JarvisDemo */,
				2A82D1822E25CDFE00C65589 /* JarvisDemoTests */,
				2A82D18C2E25CDFE00C65589 /* JarvisDemoUITests */,
				2A82D16E2E25CDFC00C65589 /* Products */,
			);
			sourceTree = "<group>";
		};
		2A82D16E2E25CDFC00C65589 /* Products */ = {
			isa = PBXGroup;
			children = (
				2A82D16D2E25CDFC00C65589 /* JarvisDemo.app */,
				2A82D17F2E25CDFE00C65589 /* JarvisDemoTests.xctest */,
				2A82D1892E25CDFE00C65589 /* JarvisDemoUITests.xctest */,
			);
			name = Products;
			sourceTree = "<group>";
		};
/* End PBXGroup section */

/* Begin PBXNativeTarget section */
		2A82D16C2E25CDFC00C65589 /* JarvisDemo */ = {
			isa = PBXNativeTarget;
			buildConfigurationList = 2A82D1932E25CDFE00C65589 /* Build configuration list for PBXNativeTarget "JarvisDemo" */;
			buildPhases = (
				2A82D1692E25CDFC00C65589 /* Sources */,
				2A82D16A2E25CDFC00C65589 /* Frameworks */,
				2A82D16B2E25CDFC00C65589 /* Resources */,
			);
			buildRules = (
			);
			dependencies = (
			);
			fileSystemSynchronizedGroups = (
				2A82D16F2E25CDFC00C65589 /* JarvisDemo */,
			);
			name = JarvisDemo;
			packageProductDependencies = (
				2A139F312E9F027900C499DA /* Jarvis */,
				2A139F332E9F027900C499DA /* JarvisInspector */,
				2A139F352E9F027900C499DA /* JarvisPreferences */,
				2A13A0062E9F977900C499DA /* Jarvis */,
				2A13A0082E9F977900C499DA /* JarvisInspector */,
				2A13A00A2E9F977900C499DA /* JarvisPreferences */,
				2A13A00D2EA41C1200C499DA /* DesignSystem */,
				2A13A0732EA52F3F00C499DA /* DesignSystem */,
				2A13A0782EA5722400C499DA /* DesignSystem */,
				2A6523072EAD6CFF0080EB38 /* DesignSystem */,
				2A6523DE2EAD9F5B0080EB38 /* Jarvis */,
				2A6523E02EAD9F5B0080EB38 /* JarvisInspector */,
				2A6523E22EAD9F5B0080EB38 /* JarvisPreferences */,
				2A6523E52EAE57850080EB38 /* Jarvis */,
				2A6523E72EAE57850080EB38 /* JarvisInspector */,
				2A6523E92EAE57850080EB38 /* JarvisPreferences */,
				2A6524562EAEAA7C0080EB38 /* Jarvis */,
				2A6524582EAEAA7C0080EB38 /* JarvisInspector */,
				2A65245A2EAEAA7C0080EB38 /* JarvisPreferences */,
				2A65245D2EAEBAD50080EB38 /* Jarvis */,
				2A65245F2EAEBAD50080EB38 /* JarvisInspector */,
				2A6524612EAEBAD50080EB38 /* JarvisPreferences */,
				2A6524642EAFFD320080EB38 /* Jarvis */,
				2A6524662EAFFD320080EB38 /* JarvisInspector */,
				2A6524682EAFFD320080EB38 /* JarvisPreferences */,
				2AD613E42EB66B5700C697C4 /* Jarvis */,
				2AD613E62EB66B5700C697C4 /* JarvisInspector */,
				2AD613E82EB66B5700C697C4 /* JarvisPreferences */,
				2AD613EB2EB6B29400C697C4 /* Jarvis */,
				2AD613ED2EB6B29400C697C4 /* JarvisInspector */,
				2AD613EF2EB6B29400C697C4 /* JarvisPreferences */,
				2AD613F22EB6B4A200C697C4 /* Jarvis */,
				2AD613F42EB6B4A200C697C4 /* JarvisInspector */,
				2AD613F62EB6B4A200C697C4 /* JarvisPreferences */,
				2AD613F92EB6B53200C697C4 /* Jarvis */,
				2AD613FB2EB6B53200C697C4 /* JarvisInspector */,
				2AD613FD2EB6B53200C697C4 /* JarvisPreferences */,
				2AD614002EB6B8A300C697C4 /* Jarvis */,
				2AD614022EB6B8A300C697C4 /* JarvisInspector */,
				2AD614042EB6B8A300C697C4 /* JarvisPreferences */,
				2AD614072EB6C7B300C697C4 /* Jarvis */,
				2AD614092EB6C7B300C697C4 /* JarvisInspector */,
				2AD6140B2EB6C7B300C697C4 /* JarvisPreferences */,
				2AD6140E2EB7789300C697C4 /* Jarvis */,
				2AD614102EB7789300C697C4 /* JarvisInspector */,
				2AD614122EB7789300C697C4 /* JarvisPreferences */,
				2AD614152EB7ED9400C697C4 /* Jarvis */,
				2AD614172EB7ED9400C697C4 /* JarvisInspector */,
				2AD614192EB7ED9400C697C4 /* JarvisPreferences */,
				2AD6141C2EB7F08D00C697C4 /* Jarvis */,
				2AD6141E2EB7F08D00C697C4 /* JarvisInspector */,
				2AD614202EB7F08D00C697C4 /* JarvisPreferences */,
				2AD614232EB7F1D600C697C4 /* Jarvis */,
				2AD614252EB7F1D600C697C4 /* JarvisInspector */,
				2AD614272EB7F1D600C697C4 /* JarvisPreferences */,
				2AD6142A2EB8006700C697C4 /* Jarvis */,
				2AD6142C2EB8006700C697C4 /* JarvisInspector */,
				2AD6142E2EB8006700C697C4 /* JarvisPreferences */,
				2AD614312EB8056300C697C4 /* Jarvis */,
				2AD614332EB8056300C697C4 /* JarvisInspector */,
				2AD614352EB8056300C697C4 /* JarvisPreferences */,
				2AD614382EB8BA4000C697C4 /* Jarvis */,
				2AD6143A2EB8BA4000C697C4 /* JarvisInspector */,
				2AD6143C2EB8BA4000C697C4 /* JarvisPreferences */,
				2AD6143F2EB8C18800C697C4 /* DesignSystem */,
				2AD614422EB8C19400C697C4 /* Jarvis */,
				2AD614442EB8C19400C697C4 /* JarvisInspector */,
				2AD614462EB8C19400C697C4 /* JarvisPreferences */,
				2AD614492EB8E32900C697C4 /* DesignSystem */,
				2AD6144C2EB96BB500C697C4 /* Jarvis */,
				2AD6144E2EB96BB500C697C4 /* JarvisInspector */,
				2AD614502EB96BB500C697C4 /* JarvisPreferences */,
				2AD614532EBA262900C697C4 /* Jarvis */,
				2AD614552EBA262900C697C4 /* JarvisInspector */,
				2AD614572EBA262900C697C4 /* JarvisPreferences */,
				2AD6145A2EBA57A300C697C4 /* Jarvis */,
				2AD6145C2EBA57A300C697C4 /* JarvisInspector */,
				2AD6145E2EBA57A300C697C4 /* JarvisPreferences */,
				2AD614612EBA69D500C697C4 /* Jarvis */,
				2AD614632EBA69D500C697C4 /* JarvisInspector */,
				2AD614652EBA69D500C697C4 /* JarvisPreferences */,
				2AD614682EBA6A7800C697C4 /* Jarvis */,
				2AD6146A2EBA6A7800C697C4 /* JarvisInspector */,
				2AD6146C2EBA6A7800C697C4 /* JarvisPreferences */,
				2AD6146F2EBAA77200C697C4 /* Jarvis */,
				2AD614712EBAA77200C697C4 /* JarvisInspector */,
				2AD614732EBAA77200C697C4 /* JarvisPreferences */,
				2AD614762EBAAC8300C697C4 /* Jarvis */,
				2AD614782EBAAC8300C697C4 /* JarvisInspector */,
				2AD6147A2EBAAC8300C697C4 /* JarvisPreferences */,
				2AD6147D2EBAC50300C697C4 /* Jarvis */,
				2AD6147F2EBAC50300C697C4 /* JarvisInspector */,
				2AD614812EBAC50300C697C4 /* JarvisPreferences */,
				2AD614862EBB5FBB00C697C4 /* Jarvis */,
				2AD614882EBB5FBB00C697C4 /* JarvisInspector */,
				2AD6148A2EBB5FBB00C697C4 /* JarvisPreferences */,
				2AD6148D2EBB610400C697C4 /* Jarvis */,
				2AD6148F2EBB610400C697C4 /* JarvisInspector */,
				2AD614912EBB610400C697C4 /* JarvisPreferences */,
				2AD614962EBBB89100C697C4 /* Jarvis */,
				2AD614982EBBB89100C697C4 /* JarvisInspector */,
				2AD6149A2EBBB89100C697C4 /* JarvisPreferences */,
				2AD6149D2EBC10F700C697C4 /* Jarvis */,
				2AD6149F2EBC10F700C697C4 /* JarvisInspector */,
				2AD614A12EBC10F700C697C4 /* JarvisPreferences */,
				2AD614A42EBC20B000C697C4 /* Jarvis */,
				2AD614A62EBC20B000C697C4 /* JarvisInspector */,
				2AD614A82EBC20B000C697C4 /* JarvisPreferences */,
				2AD6157F2EBD28DC00C697C4 /* Jarvis */,
				2AD615812EBD28DC00C697C4 /* JarvisInspector */,
				2AD615832EBD28DC00C697C4 /* JarvisPreferences */,
				2AD615862EBD29A600C697C4 /* Jarvis */,
				2AD615882EBD29A600C697C4 /* JarvisInspector */,
				2AD6158A2EBD29A600C697C4 /* JarvisPreferences */,
				2AD6158D2EBD371700C697C4 /* Jarvis */,
				2AD6158F2EBD371700C697C4 /* JarvisInspector */,
				2AD615912EBD371700C697C4 /* JarvisPreferences */,
				2AD615942EBDF10700C697C4 /* Jarvis */,
				2AD615962EBDF10700C697C4 /* JarvisInspector */,
				2AD615982EBDF10700C697C4 /* JarvisPreferences */,
				2AD6159B2EBE161100C697C4 /* Jarvis */,
				2AD6159D2EBE161100C697C4 /* JarvisInspector */,
				2AD6159F2EBE161100C697C4 /* JarvisPreferences */,
				2AD615A22EBE2D5000C697C4 /* Jarvis */,
				2AD615A42EBE2D5000C697C4 /* JarvisInspector */,
				2AD615A62EBE2D5000C697C4 /* JarvisPreferences */,
				2AD615A92EBE33D400C697C4 /* Jarvis */,
				2AD615AB2EBE33D400C697C4 /* JarvisInspector */,
				2AD615AD2EBE33D400C697C4 /* JarvisPreferences */,
				2AD615B02EBE909000C697C4 /* Jarvis */,
				2AD615B22EBE909000C697C4 /* JarvisInspector */,
				2AD615B42EBE909000C697C4 /* JarvisPreferences */,
				2AD615B72EBE960700C697C4 /* Jarvis */,
				2AD615B92EBE960700C697C4 /* JarvisInspector */,
				2AD615BB2EBE960700C697C4 /* JarvisPreferences */,
			);
			productName = JarvisDemo;
			productReference = 2A82D16D2E25CDFC00C65589 /* JarvisDemo.app */;
			productType = "com.apple.product-type.application";
		};
		2A82D17E2E25CDFE00C65589 /* JarvisDemoTests */ = {
			isa = PBXNativeTarget;
			buildConfigurationList = 2A82D1962E25CDFE00C65589 /* Build configuration list for PBXNativeTarget "JarvisDemoTests" */;
			buildPhases = (
				2A82D17B2E25CDFE00C65589 /* Sources */,
				2A82D17C2E25CDFE00C65589 /* Frameworks */,
				2A82D17D2E25CDFE00C65589 /* Resources */,
			);
			buildRules = (
			);
			dependencies = (
				2A82D1812E25CDFE00C65589 /* PBXTargetDependency */,
			);
			fileSystemSynchronizedGroups = (
				2A82D1822E25CDFE00C65589 /* JarvisDemoTests */,
			);
			name = JarvisDemoTests;
			packageProductDependencies = (
			);
			productName = JarvisDemoTests;
			productReference = 2A82D17F2E25CDFE00C65589 /* JarvisDemoTests.xctest */;
			productType = "com.apple.product-type.bundle.unit-test";
		};
		2A82D1882E25CDFE00C65589 /* JarvisDemoUITests */ = {
			isa = PBXNativeTarget;
			buildConfigurationList = 2A82D1992E25CDFE00C65589 /* Build configuration list for PBXNativeTarget "JarvisDemoUITests" */;
			buildPhases = (
				2A82D1852E25CDFE00C65589 /* Sources */,
				2A82D1862E25CDFE00C65589 /* Frameworks */,
				2A82D1872E25CDFE00C65589 /* Resources */,
			);
			buildRules = (
			);
			dependencies = (
				2A82D18B2E25CDFE00C65589 /* PBXTargetDependency */,
			);
			fileSystemSynchronizedGroups = (
				2A82D18C2E25CDFE00C65589 /* JarvisDemoUITests */,
			);
			name = JarvisDemoUITests;
			packageProductDependencies = (
			);
			productName = JarvisDemoUITests;
			productReference = 2A82D1892E25CDFE00C65589 /* JarvisDemoUITests.xctest */;
			productType = "com.apple.product-type.bundle.ui-testing";
		};
/* End PBXNativeTarget section */

/* Begin PBXProject section */
		2A82D1652E25CDFC00C65589 /* Project object */ = {
			isa = PBXProject;
			attributes = {
				BuildIndependentTargetsInParallel = 1;
				LastSwiftUpdateCheck = 1620;
				LastUpgradeCheck = 1620;
				TargetAttributes = {
					2A82D16C2E25CDFC00C65589 = {
						CreatedOnToolsVersion = 16.2;
					};
					2A82D17E2E25CDFE00C65589 = {
						CreatedOnToolsVersion = 16.2;
						TestTargetID = 2A82D16C2E25CDFC00C65589;
					};
					2A82D1882E25CDFE00C65589 = {
						CreatedOnToolsVersion = 16.2;
						TestTargetID = 2A82D16C2E25CDFC00C65589;
					};
				};
			};
			buildConfigurationList = 2A82D1682E25CDFC00C65589 /* Build configuration list for PBXProject "JarvisDemo" */;
			developmentRegion = en;
			hasScannedForEncodings = 0;
			knownRegions = (
				en,
				Base,
			);
			mainGroup = 2A82D1642E25CDFC00C65589;
			minimizedProjectReferenceProxies = 1;
			packageReferences = (
				2AD614482EB8E32900C697C4 /* XCLocalSwiftPackageReference "../JarvisDesignSystem" */,
				2AD615B62EBE960700C697C4 /* XCLocalSwiftPackageReference "../JarvisSDK" */,
			);
			preferredProjectObjectVersion = 77;
			productRefGroup = 2A82D16E2E25CDFC00C65589 /* Products */;
			projectDirPath = "";
			projectRoot = "";
			targets = (
				2A82D16C2E25CDFC00C65589 /* JarvisDemo */,
				2A82D17E2E25CDFE00C65589 /* JarvisDemoTests */,
				2A82D1882E25CDFE00C65589 /* JarvisDemoUITests */,
			);
		};
/* End PBXProject section */

/* Begin PBXResourcesBuildPhase section */
		2A82D16B2E25CDFC00C65589 /* Resources */ = {
			isa = PBXResourcesBuildPhase;
			buildActionMask = 2147483647;
			files = (
			);
			runOnlyForDeploymentPostprocessing = 0;
		};
		2A82D17D2E25CDFE00C65589 /* Resources */ = {
			isa = PBXResourcesBuildPhase;
			buildActionMask = 2147483647;
			files = (
			);
			runOnlyForDeploymentPostprocessing = 0;
		};
		2A82D1872E25CDFE00C65589 /* Resources */ = {
			isa = PBXResourcesBuildPhase;
			buildActionMask = 2147483647;
			files = (
			);
			runOnlyForDeploymentPostprocessing = 0;
		};
/* End PBXResourcesBuildPhase section */

/* Begin PBXSourcesBuildPhase section */
		2A82D1692E25CDFC00C65589 /* Sources */ = {
			isa = PBXSourcesBuildPhase;
			buildActionMask = 2147483647;
			files = (
			);
			runOnlyForDeploymentPostprocessing = 0;
		};
		2A82D17B2E25CDFE00C65589 /* Sources */ = {
			isa = PBXSourcesBuildPhase;
			buildActionMask = 2147483647;
			files = (
			);
			runOnlyForDeploymentPostprocessing = 0;
		};
		2A82D1852E25CDFE00C65589 /* Sources */ = {
			isa = PBXSourcesBuildPhase;
			buildActionMask = 2147483647;
			files = (
			);
			runOnlyForDeploymentPostprocessing = 0;
		};
/* End PBXSourcesBuildPhase section */

/* Begin PBXTargetDependency section */
		2A82D1812E25CDFE00C65589 /* PBXTargetDependency */ = {
			isa = PBXTargetDependency;
			target = 2A82D16C2E25CDFC00C65589 /* JarvisDemo */;
			targetProxy = 2A82D1802E25CDFE00C65589 /* PBXContainerItemProxy */;
		};
		2A82D18B2E25CDFE00C65589 /* PBXTargetDependency */ = {
			isa = PBXTargetDependency;
			target = 2A82D16C2E25CDFC00C65589 /* JarvisDemo */;
			targetProxy = 2A82D18A2E25CDFE00C65589 /* PBXContainerItemProxy */;
		};
/* End PBXTargetDependency section */

/* Begin XCBuildConfiguration section */
		2A82D1912E25CDFE00C65589 /* Debug */ = {
			isa = XCBuildConfiguration;
			buildSettings = {
				ALWAYS_SEARCH_USER_PATHS = NO;
				ASSETCATALOG_COMPILER_GENERATE_SWIFT_ASSET_SYMBOL_EXTENSIONS = YES;
				CLANG_ANALYZER_NONNULL = YES;
				CLANG_ANALYZER_NUMBER_OBJECT_CONVERSION = YES_AGGRESSIVE;
				CLANG_CXX_LANGUAGE_STANDARD = "gnu++20";
				CLANG_ENABLE_MODULES = YES;
				CLANG_ENABLE_OBJC_ARC = YES;
				CLANG_ENABLE_OBJC_WEAK = YES;
				CLANG_WARN_BLOCK_CAPTURE_AUTORELEASING = YES;
				CLANG_WARN_BOOL_CONVERSION = YES;
				CLANG_WARN_COMMA = YES;
				CLANG_WARN_CONSTANT_CONVERSION = YES;
				CLANG_WARN_DEPRECATED_OBJC_IMPLEMENTATIONS = YES;
				CLANG_WARN_DIRECT_OBJC_ISA_USAGE = YES_ERROR;
				CLANG_WARN_DOCUMENTATION_COMMENTS = YES;
				CLANG_WARN_EMPTY_BODY = YES;
				CLANG_WARN_ENUM_CONVERSION = YES;
				CLANG_WARN_INFINITE_RECURSION = YES;
				CLANG_WARN_INT_CONVERSION = YES;
				CLANG_WARN_NON_LITERAL_NULL_CONVERSION = YES;
				CLANG_WARN_OBJC_IMPLICIT_RETAIN_SELF = YES;
				CLANG_WARN_OBJC_LITERAL_CONVERSION = YES;
				CLANG_WARN_OBJC_ROOT_CLASS = YES_ERROR;
				CLANG_WARN_QUOTED_INCLUDE_IN_FRAMEWORK_HEADER = YES;
				CLANG_WARN_RANGE_LOOP_ANALYSIS = YES;
				CLANG_WARN_STRICT_PROTOTYPES = YES;
				CLANG_WARN_SUSPICIOUS_MOVE = YES;
				CLANG_WARN_UNGUARDED_AVAILABILITY = YES_AGGRESSIVE;
				CLANG_WARN_UNREACHABLE_CODE = YES;
				CLANG_WARN__DUPLICATE_METHOD_MATCH = YES;
				COPY_PHASE_STRIP = NO;
				DEBUG_INFORMATION_FORMAT = dwarf;
				ENABLE_STRICT_OBJC_MSGSEND = YES;
				ENABLE_TESTABILITY = YES;
				ENABLE_USER_SCRIPT_SANDBOXING = YES;
				GCC_C_LANGUAGE_STANDARD = gnu17;
				GCC_DYNAMIC_NO_PIC = NO;
				GCC_NO_COMMON_BLOCKS = YES;
				GCC_OPTIMIZATION_LEVEL = 0;
				GCC_PREPROCESSOR_DEFINITIONS = (
					"DEBUG=1",
					"$(inherited)",
				);
				GCC_WARN_64_TO_32_BIT_CONVERSION = YES;
				GCC_WARN_ABOUT_RETURN_TYPE = YES_ERROR;
				GCC_WARN_UNDECLARED_SELECTOR = YES;
				GCC_WARN_UNINITIALIZED_AUTOS = YES_AGGRESSIVE;
				GCC_WARN_UNUSED_FUNCTION = YES;
				GCC_WARN_UNUSED_VARIABLE = YES;
				IPHONEOS_DEPLOYMENT_TARGET = 18.2;
				LOCALIZATION_PREFERS_STRING_CATALOGS = YES;
				MTL_ENABLE_DEBUG_INFO = INCLUDE_SOURCE;
				MTL_FAST_MATH = YES;
				ONLY_ACTIVE_ARCH = YES;
				SDKROOT = iphoneos;
				SWIFT_ACTIVE_COMPILATION_CONDITIONS = "DEBUG $(inherited)";
				SWIFT_OPTIMIZATION_LEVEL = "-Onone";
			};
			name = Debug;
		};
		2A82D1922E25CDFE00C65589 /* Release */ = {
			isa = XCBuildConfiguration;
			buildSettings = {
				ALWAYS_SEARCH_USER_PATHS = NO;
				ASSETCATALOG_COMPILER_GENERATE_SWIFT_ASSET_SYMBOL_EXTENSIONS = YES;
				CLANG_ANALYZER_NONNULL = YES;
				CLANG_ANALYZER_NUMBER_OBJECT_CONVERSION = YES_AGGRESSIVE;
				CLANG_CXX_LANGUAGE_STANDARD = "gnu++20";
				CLANG_ENABLE_MODULES = YES;
				CLANG_ENABLE_OBJC_ARC = YES;
				CLANG_ENABLE_OBJC_WEAK = YES;
				CLANG_WARN_BLOCK_CAPTURE_AUTORELEASING = YES;
				CLANG_WARN_BOOL_CONVERSION = YES;
				CLANG_WARN_COMMA = YES;
				CLANG_WARN_CONSTANT_CONVERSION = YES;
				CLANG_WARN_DEPRECATED_OBJC_IMPLEMENTATIONS = YES;
				CLANG_WARN_DIRECT_OBJC_ISA_USAGE = YES_ERROR;
				CLANG_WARN_DOCUMENTATION_COMMENTS = YES;
				CLANG_WARN_EMPTY_BODY = YES;
				CLANG_WARN_ENUM_CONVERSION = YES;
				CLANG_WARN_INFINITE_RECURSION = YES;
				CLANG_WARN_INT_CONVERSION = YES;
				CLANG_WARN_NON_LITERAL_NULL_CONVERSION = YES;
				CLANG_WARN_OBJC_IMPLICIT_RETAIN_SELF = YES;
				CLANG_WARN_OBJC_LITERAL_CONVERSION = YES;
				CLANG_WARN_OBJC_ROOT_CLASS = YES_ERROR;
				CLANG_WARN_QUOTED_INCLUDE_IN_FRAMEWORK_HEADER = YES;
				CLANG_WARN_RANGE_LOOP_ANALYSIS = YES;
				CLANG_WARN_STRICT_PROTOTYPES = YES;
				CLANG_WARN_SUSPICIOUS_MOVE = YES;
				CLANG_WARN_UNGUARDED_AVAILABILITY = YES_AGGRESSIVE;
				CLANG_WARN_UNREACHABLE_CODE = YES;
				CLANG_WARN__DUPLICATE_METHOD_MATCH = YES;
				COPY_PHASE_STRIP = NO;
				DEBUG_INFORMATION_FORMAT = "dwarf-with-dsym";
				ENABLE_NS_ASSERTIONS = NO;
				ENABLE_STRICT_OBJC_MSGSEND = YES;
				ENABLE_USER_SCRIPT_SANDBOXING = YES;
				GCC_C_LANGUAGE_STANDARD = gnu17;
				GCC_NO_COMMON_BLOCKS = YES;
				GCC_WARN_64_TO_32_BIT_CONVERSION = YES;
				GCC_WARN_ABOUT_RETURN_TYPE = YES_ERROR;
				GCC_WARN_UNDECLARED_SELECTOR = YES;
				GCC_WARN_UNINITIALIZED_AUTOS = YES_AGGRESSIVE;
				GCC_WARN_UNUSED_FUNCTION = YES;
				GCC_WARN_UNUSED_VARIABLE = YES;
				IPHONEOS_DEPLOYMENT_TARGET = 18.2;
				LOCALIZATION_PREFERS_STRING_CATALOGS = YES;
				MTL_ENABLE_DEBUG_INFO = NO;
				MTL_FAST_MATH = YES;
				SDKROOT = iphoneos;
				SWIFT_COMPILATION_MODE = wholemodule;
				VALIDATE_PRODUCT = YES;
			};
			name = Release;
		};
		2A82D1942E25CDFE00C65589 /* Debug */ = {
			isa = XCBuildConfiguration;
			buildSettings = {
				ASSETCATALOG_COMPILER_APPICON_NAME = AppIcon;
				ASSETCATALOG_COMPILER_GLOBAL_ACCENT_COLOR_NAME = AccentColor;
				ASSETCATALOG_COMPILER_INCLUDE_ALL_APPICON_ASSETS = YES;
				CODE_SIGN_STYLE = Automatic;
				CURRENT_PROJECT_VERSION = 1;
				DEVELOPMENT_ASSET_PATHS = "\"JarvisDemo/Preview Content\"";
				DEVELOPMENT_TEAM = D3574J47V9;
				ENABLE_PREVIEWS = YES;
				GENERATE_INFOPLIST_FILE = YES;
				INFOPLIST_KEY_UIApplicationSceneManifest_Generation = YES;
				INFOPLIST_KEY_UIApplicationSupportsIndirectInputEvents = YES;
				INFOPLIST_KEY_UILaunchStoryboardName = LaunchScreen;
				INFOPLIST_KEY_UISupportedInterfaceOrientations_iPad = "UIInterfaceOrientationPortrait UIInterfaceOrientationPortraitUpsideDown UIInterfaceOrientationLandscapeLeft UIInterfaceOrientationLandscapeRight";
				INFOPLIST_KEY_UISupportedInterfaceOrientations_iPhone = "UIInterfaceOrientationPortrait UIInterfaceOrientationLandscapeLeft UIInterfaceOrientationLandscapeRight";
				IPHONEOS_DEPLOYMENT_TARGET = 16.0;
				LD_RUNPATH_SEARCH_PATHS = (
					"$(inherited)",
					"@executable_path/Frameworks",
				);
				MARKETING_VERSION = 1.0.0;
				PRODUCT_BUNDLE_IDENTIFIER = com.jarvis.JarvisDemo;
				PRODUCT_NAME = "$(TARGET_NAME)";
				SWIFT_EMIT_LOC_STRINGS = YES;
				SWIFT_VERSION = 5.0;
				TARGETED_DEVICE_FAMILY = "1,2";
			};
			name = Debug;
		};
		2A82D1952E25CDFE00C65589 /* Release */ = {
			isa = XCBuildConfiguration;
			buildSettings = {
				ASSETCATALOG_COMPILER_APPICON_NAME = AppIcon;
				ASSETCATALOG_COMPILER_GLOBAL_ACCENT_COLOR_NAME = AccentColor;
				ASSETCATALOG_COMPILER_INCLUDE_ALL_APPICON_ASSETS = YES;
				CODE_SIGN_STYLE = Automatic;
				CURRENT_PROJECT_VERSION = 1;
				DEVELOPMENT_ASSET_PATHS = "\"JarvisDemo/Preview Content\"";
				DEVELOPMENT_TEAM = D3574J47V9;
				ENABLE_PREVIEWS = YES;
				GENERATE_INFOPLIST_FILE = YES;
				INFOPLIST_KEY_UIApplicationSceneManifest_Generation = YES;
				INFOPLIST_KEY_UIApplicationSupportsIndirectInputEvents = YES;
				INFOPLIST_KEY_UILaunchStoryboardName = LaunchScreen;
				INFOPLIST_KEY_UISupportedInterfaceOrientations_iPad = "UIInterfaceOrientationPortrait UIInterfaceOrientationPortraitUpsideDown UIInterfaceOrientationLandscapeLeft UIInterfaceOrientationLandscapeRight";
				INFOPLIST_KEY_UISupportedInterfaceOrientations_iPhone = "UIInterfaceOrientationPortrait UIInterfaceOrientationLandscapeLeft UIInterfaceOrientationLandscapeRight";
				IPHONEOS_DEPLOYMENT_TARGET = 16.0;
				LD_RUNPATH_SEARCH_PATHS = (
					"$(inherited)",
					"@executable_path/Frameworks",
				);
				MARKETING_VERSION = 1.0.0;
				PRODUCT_BUNDLE_IDENTIFIER = com.jarvis.JarvisDemo;
				PRODUCT_NAME = "$(TARGET_NAME)";
				SWIFT_EMIT_LOC_STRINGS = YES;
				SWIFT_VERSION = 5.0;
				TARGETED_DEVICE_FAMILY = "1,2";
			};
			name = Release;
		};
		2A82D1972E25CDFE00C65589 /* Debug */ = {
			isa = XCBuildConfiguration;
			buildSettings = {
				BUNDLE_LOADER = "$(TEST_HOST)";
				CODE_SIGN_STYLE = Automatic;
				CURRENT_PROJECT_VERSION = 1;
				DEVELOPMENT_TEAM = D3574J47V9;
				GENERATE_INFOPLIST_FILE = YES;
				IPHONEOS_DEPLOYMENT_TARGET = 18.2;
				MARKETING_VERSION = 1.0;
				PRODUCT_BUNDLE_IDENTIFIER = com.jarvis.JarvisDemoTests;
				PRODUCT_NAME = "$(TARGET_NAME)";
				SWIFT_EMIT_LOC_STRINGS = NO;
				SWIFT_VERSION = 5.0;
				TARGETED_DEVICE_FAMILY = "1,2";
				TEST_HOST = "$(BUILT_PRODUCTS_DIR)/JarvisDemo.app/$(BUNDLE_EXECUTABLE_FOLDER_PATH)/JarvisDemo";
			};
			name = Debug;
		};
		2A82D1982E25CDFE00C65589 /* Release */ = {
			isa = XCBuildConfiguration;
			buildSettings = {
				BUNDLE_LOADER = "$(TEST_HOST)";
				CODE_SIGN_STYLE = Automatic;
				CURRENT_PROJECT_VERSION = 1;
				DEVELOPMENT_TEAM = D3574J47V9;
				GENERATE_INFOPLIST_FILE = YES;
				IPHONEOS_DEPLOYMENT_TARGET = 18.2;
				MARKETING_VERSION = 1.0;
				PRODUCT_BUNDLE_IDENTIFIER = com.jarvis.JarvisDemoTests;
				PRODUCT_NAME = "$(TARGET_NAME)";
				SWIFT_EMIT_LOC_STRINGS = NO;
				SWIFT_VERSION = 5.0;
				TARGETED_DEVICE_FAMILY = "1,2";
				TEST_HOST = "$(BUILT_PRODUCTS_DIR)/JarvisDemo.app/$(BUNDLE_EXECUTABLE_FOLDER_PATH)/JarvisDemo";
			};
			name = Release;
		};
		2A82D19A2E25CDFE00C65589 /* Debug */ = {
			isa = XCBuildConfiguration;
			buildSettings = {
				CODE_SIGN_STYLE = Automatic;
				CURRENT_PROJECT_VERSION = 1;
				DEVELOPMENT_TEAM = D3574J47V9;
				GENERATE_INFOPLIST_FILE = YES;
				MARKETING_VERSION = 1.0;
				PRODUCT_BUNDLE_IDENTIFIER = com.jarvis.JarvisDemoUITests;
				PRODUCT_NAME = "$(TARGET_NAME)";
				SWIFT_EMIT_LOC_STRINGS = NO;
				SWIFT_VERSION = 5.0;
				TARGETED_DEVICE_FAMILY = "1,2";
				TEST_TARGET_NAME = JarvisDemo;
			};
			name = Debug;
		};
		2A82D19B2E25CDFE00C65589 /* Release */ = {
			isa = XCBuildConfiguration;
			buildSettings = {
				CODE_SIGN_STYLE = Automatic;
				CURRENT_PROJECT_VERSION = 1;
				DEVELOPMENT_TEAM = D3574J47V9;
				GENERATE_INFOPLIST_FILE = YES;
				MARKETING_VERSION = 1.0;
				PRODUCT_BUNDLE_IDENTIFIER = com.jarvis.JarvisDemoUITests;
				PRODUCT_NAME = "$(TARGET_NAME)";
				SWIFT_EMIT_LOC_STRINGS = NO;
				SWIFT_VERSION = 5.0;
				TARGETED_DEVICE_FAMILY = "1,2";
				TEST_TARGET_NAME = JarvisDemo;
			};
			name = Release;
		};
/* End XCBuildConfiguration section */

/* Begin XCConfigurationList section */
		2A82D1682E25CDFC00C65589 /* Build configuration list for PBXProject "JarvisDemo" */ = {
			isa = XCConfigurationList;
			buildConfigurations = (
				2A82D1912E25CDFE00C65589 /* Debug */,
				2A82D1922E25CDFE00C65589 /* Release */,
			);
			defaultConfigurationIsVisible = 0;
			defaultConfigurationName = Release;
		};
		2A82D1932E25CDFE00C65589 /* Build configuration list for PBXNativeTarget "JarvisDemo" */ = {
			isa = XCConfigurationList;
			buildConfigurations = (
				2A82D1942E25CDFE00C65589 /* Debug */,
				2A82D1952E25CDFE00C65589 /* Release */,
			);
			defaultConfigurationIsVisible = 0;
			defaultConfigurationName = Release;
		};
		2A82D1962E25CDFE00C65589 /* Build configuration list for PBXNativeTarget "JarvisDemoTests" */ = {
			isa = XCConfigurationList;
			buildConfigurations = (
				2A82D1972E25CDFE00C65589 /* Debug */,
				2A82D1982E25CDFE00C65589 /* Release */,
			);
			defaultConfigurationIsVisible = 0;
			defaultConfigurationName = Release;
		};
		2A82D1992E25CDFE00C65589 /* Build configuration list for PBXNativeTarget "JarvisDemoUITests" */ = {
			isa = XCConfigurationList;
			buildConfigurations = (
				2A82D19A2E25CDFE00C65589 /* Debug */,
				2A82D19B2E25CDFE00C65589 /* Release */,
			);
			defaultConfigurationIsVisible = 0;
			defaultConfigurationName = Release;
		};
/* End XCConfigurationList section */

/* Begin XCLocalSwiftPackageReference section */
		2AD614482EB8E32900C697C4 /* XCLocalSwiftPackageReference "../JarvisDesignSystem" */ = {
			isa = XCLocalSwiftPackageReference;
			relativePath = ../JarvisDesignSystem;
		};
		2AD615B62EBE960700C697C4 /* XCLocalSwiftPackageReference "../JarvisSDK" */ = {
			isa = XCLocalSwiftPackageReference;
			relativePath = ../JarvisSDK;
		};
/* End XCLocalSwiftPackageReference section */

/* Begin XCSwiftPackageProductDependency section */
		2A139F312E9F027900C499DA /* Jarvis */ = {
			isa = XCSwiftPackageProductDependency;
			productName = Jarvis;
		};
		2A139F332E9F027900C499DA /* JarvisInspector */ = {
			isa = XCSwiftPackageProductDependency;
			productName = JarvisInspector;
		};
		2A139F352E9F027900C499DA /* JarvisPreferences */ = {
			isa = XCSwiftPackageProductDependency;
			productName = JarvisPreferences;
		};
		2A13A0062E9F977900C499DA /* Jarvis */ = {
			isa = XCSwiftPackageProductDependency;
			productName = Jarvis;
		};
		2A13A0082E9F977900C499DA /* JarvisInspector */ = {
			isa = XCSwiftPackageProductDependency;
			productName = JarvisInspector;
		};
		2A13A00A2E9F977900C499DA /* JarvisPreferences */ = {
			isa = XCSwiftPackageProductDependency;
			productName = JarvisPreferences;
		};
		2A13A00D2EA41C1200C499DA /* DesignSystem */ = {
			isa = XCSwiftPackageProductDependency;
			productName = DesignSystem;
		};
		2A13A0732EA52F3F00C499DA /* DesignSystem */ = {
			isa = XCSwiftPackageProductDependency;
			productName = DesignSystem;
		};
		2A13A0782EA5722400C499DA /* DesignSystem */ = {
			isa = XCSwiftPackageProductDependency;
			productName = DesignSystem;
		};
		2A6523072EAD6CFF0080EB38 /* DesignSystem */ = {
			isa = XCSwiftPackageProductDependency;
			productName = DesignSystem;
		};
		2A6523DE2EAD9F5B0080EB38 /* Jarvis */ = {
			isa = XCSwiftPackageProductDependency;
			productName = Jarvis;
		};
		2A6523E02EAD9F5B0080EB38 /* JarvisInspector */ = {
			isa = XCSwiftPackageProductDependency;
			productName = JarvisInspector;
		};
		2A6523E22EAD9F5B0080EB38 /* JarvisPreferences */ = {
			isa = XCSwiftPackageProductDependency;
			productName = JarvisPreferences;
		};
		2A6523E52EAE57850080EB38 /* Jarvis */ = {
			isa = XCSwiftPackageProductDependency;
			productName = Jarvis;
		};
		2A6523E72EAE57850080EB38 /* JarvisInspector */ = {
			isa = XCSwiftPackageProductDependency;
			productName = JarvisInspector;
		};
		2A6523E92EAE57850080EB38 /* JarvisPreferences */ = {
			isa = XCSwiftPackageProductDependency;
			productName = JarvisPreferences;
		};
		2A6524562EAEAA7C0080EB38 /* Jarvis */ = {
			isa = XCSwiftPackageProductDependency;
			productName = Jarvis;
		};
		2A6524582EAEAA7C0080EB38 /* JarvisInspector */ = {
			isa = XCSwiftPackageProductDependency;
			productName = JarvisInspector;
		};
		2A65245A2EAEAA7C0080EB38 /* JarvisPreferences */ = {
			isa = XCSwiftPackageProductDependency;
			productName = JarvisPreferences;
		};
		2A65245D2EAEBAD50080EB38 /* Jarvis */ = {
			isa = XCSwiftPackageProductDependency;
			productName = Jarvis;
		};
		2A65245F2EAEBAD50080EB38 /* JarvisInspector */ = {
			isa = XCSwiftPackageProductDependency;
			productName = JarvisInspector;
		};
		2A6524612EAEBAD50080EB38 /* JarvisPreferences */ = {
			isa = XCSwiftPackageProductDependency;
			productName = JarvisPreferences;
		};
		2A6524642EAFFD320080EB38 /* Jarvis */ = {
			isa = XCSwiftPackageProductDependency;
			productName = Jarvis;
		};
		2A6524662EAFFD320080EB38 /* JarvisInspector */ = {
			isa = XCSwiftPackageProductDependency;
			productName = JarvisInspector;
		};
		2A6524682EAFFD320080EB38 /* JarvisPreferences */ = {
			isa = XCSwiftPackageProductDependency;
			productName = JarvisPreferences;
		};
		2AD613E42EB66B5700C697C4 /* Jarvis */ = {
			isa = XCSwiftPackageProductDependency;
			productName = Jarvis;
		};
		2AD613E62EB66B5700C697C4 /* JarvisInspector */ = {
			isa = XCSwiftPackageProductDependency;
			productName = JarvisInspector;
		};
		2AD613E82EB66B5700C697C4 /* JarvisPreferences */ = {
			isa = XCSwiftPackageProductDependency;
			productName = JarvisPreferences;
		};
		2AD613EB2EB6B29400C697C4 /* Jarvis */ = {
			isa = XCSwiftPackageProductDependency;
			productName = Jarvis;
		};
		2AD613ED2EB6B29400C697C4 /* JarvisInspector */ = {
			isa = XCSwiftPackageProductDependency;
			productName = JarvisInspector;
		};
		2AD613EF2EB6B29400C697C4 /* JarvisPreferences */ = {
			isa = XCSwiftPackageProductDependency;
			productName = JarvisPreferences;
		};
		2AD613F22EB6B4A200C697C4 /* Jarvis */ = {
			isa = XCSwiftPackageProductDependency;
			productName = Jarvis;
		};
		2AD613F42EB6B4A200C697C4 /* JarvisInspector */ = {
			isa = XCSwiftPackageProductDependency;
			productName = JarvisInspector;
		};
		2AD613F62EB6B4A200C697C4 /* JarvisPreferences */ = {
			isa = XCSwiftPackageProductDependency;
			productName = JarvisPreferences;
		};
		2AD613F92EB6B53200C697C4 /* Jarvis */ = {
			isa = XCSwiftPackageProductDependency;
			productName = Jarvis;
		};
		2AD613FB2EB6B53200C697C4 /* JarvisInspector */ = {
			isa = XCSwiftPackageProductDependency;
			productName = JarvisInspector;
		};
		2AD613FD2EB6B53200C697C4 /* JarvisPreferences */ = {
			isa = XCSwiftPackageProductDependency;
			productName = JarvisPreferences;
		};
		2AD614002EB6B8A300C697C4 /* Jarvis */ = {
			isa = XCSwiftPackageProductDependency;
			productName = Jarvis;
		};
		2AD614022EB6B8A300C697C4 /* JarvisInspector */ = {
			isa = XCSwiftPackageProductDependency;
			productName = JarvisInspector;
		};
		2AD614042EB6B8A300C697C4 /* JarvisPreferences */ = {
			isa = XCSwiftPackageProductDependency;
			productName = JarvisPreferences;
		};
		2AD614072EB6C7B300C697C4 /* Jarvis */ = {
			isa = XCSwiftPackageProductDependency;
			productName = Jarvis;
		};
		2AD614092EB6C7B300C697C4 /* JarvisInspector */ = {
			isa = XCSwiftPackageProductDependency;
			productName = JarvisInspector;
		};
		2AD6140B2EB6C7B300C697C4 /* JarvisPreferences */ = {
			isa = XCSwiftPackageProductDependency;
			productName = JarvisPreferences;
		};
		2AD6140E2EB7789300C697C4 /* Jarvis */ = {
			isa = XCSwiftPackageProductDependency;
			productName = Jarvis;
		};
		2AD614102EB7789300C697C4 /* JarvisInspector */ = {
			isa = XCSwiftPackageProductDependency;
			productName = JarvisInspector;
		};
		2AD614122EB7789300C697C4 /* JarvisPreferences */ = {
			isa = XCSwiftPackageProductDependency;
			productName = JarvisPreferences;
		};
		2AD614152EB7ED9400C697C4 /* Jarvis */ = {
			isa = XCSwiftPackageProductDependency;
			productName = Jarvis;
		};
		2AD614172EB7ED9400C697C4 /* JarvisInspector */ = {
			isa = XCSwiftPackageProductDependency;
			productName = JarvisInspector;
		};
		2AD614192EB7ED9400C697C4 /* JarvisPreferences */ = {
			isa = XCSwiftPackageProductDependency;
			productName = JarvisPreferences;
		};
		2AD6141C2EB7F08D00C697C4 /* Jarvis */ = {
			isa = XCSwiftPackageProductDependency;
			productName = Jarvis;
		};
		2AD6141E2EB7F08D00C697C4 /* JarvisInspector */ = {
			isa = XCSwiftPackageProductDependency;
			productName = JarvisInspector;
		};
		2AD614202EB7F08D00C697C4 /* JarvisPreferences */ = {
			isa = XCSwiftPackageProductDependency;
			productName = JarvisPreferences;
		};
		2AD614232EB7F1D600C697C4 /* Jarvis */ = {
			isa = XCSwiftPackageProductDependency;
			productName = Jarvis;
		};
		2AD614252EB7F1D600C697C4 /* JarvisInspector */ = {
			isa = XCSwiftPackageProductDependency;
			productName = JarvisInspector;
		};
		2AD614272EB7F1D600C697C4 /* JarvisPreferences */ = {
			isa = XCSwiftPackageProductDependency;
			productName = JarvisPreferences;
		};
		2AD6142A2EB8006700C697C4 /* Jarvis */ = {
			isa = XCSwiftPackageProductDependency;
			productName = Jarvis;
		};
		2AD6142C2EB8006700C697C4 /* JarvisInspector */ = {
			isa = XCSwiftPackageProductDependency;
			productName = JarvisInspector;
		};
		2AD6142E2EB8006700C697C4 /* JarvisPreferences */ = {
			isa = XCSwiftPackageProductDependency;
			productName = JarvisPreferences;
		};
		2AD614312EB8056300C697C4 /* Jarvis */ = {
			isa = XCSwiftPackageProductDependency;
			productName = Jarvis;
		};
		2AD614332EB8056300C697C4 /* JarvisInspector */ = {
			isa = XCSwiftPackageProductDependency;
			productName = JarvisInspector;
		};
		2AD614352EB8056300C697C4 /* JarvisPreferences */ = {
			isa = XCSwiftPackageProductDependency;
			productName = JarvisPreferences;
		};
		2AD614382EB8BA4000C697C4 /* Jarvis */ = {
			isa = XCSwiftPackageProductDependency;
			productName = Jarvis;
		};
		2AD6143A2EB8BA4000C697C4 /* JarvisInspector */ = {
			isa = XCSwiftPackageProductDependency;
			productName = JarvisInspector;
		};
		2AD6143C2EB8BA4000C697C4 /* JarvisPreferences */ = {
			isa = XCSwiftPackageProductDependency;
			productName = JarvisPreferences;
		};
		2AD6143F2EB8C18800C697C4 /* DesignSystem */ = {
			isa = XCSwiftPackageProductDependency;
			productName = DesignSystem;
		};
		2AD614422EB8C19400C697C4 /* Jarvis */ = {
			isa = XCSwiftPackageProductDependency;
			productName = Jarvis;
		};
		2AD614442EB8C19400C697C4 /* JarvisInspector */ = {
			isa = XCSwiftPackageProductDependency;
			productName = JarvisInspector;
		};
		2AD614462EB8C19400C697C4 /* JarvisPreferences */ = {
			isa = XCSwiftPackageProductDependency;
			productName = JarvisPreferences;
		};
		2AD614492EB8E32900C697C4 /* DesignSystem */ = {
			isa = XCSwiftPackageProductDependency;
			productName = DesignSystem;
		};
		2AD6144C2EB96BB500C697C4 /* Jarvis */ = {
			isa = XCSwiftPackageProductDependency;
			productName = Jarvis;
		};
		2AD6144E2EB96BB500C697C4 /* JarvisInspector */ = {
			isa = XCSwiftPackageProductDependency;
			productName = JarvisInspector;
		};
		2AD614502EB96BB500C697C4 /* JarvisPreferences */ = {
			isa = XCSwiftPackageProductDependency;
			productName = JarvisPreferences;
		};
		2AD614532EBA262900C697C4 /* Jarvis */ = {
			isa = XCSwiftPackageProductDependency;
			productName = Jarvis;
		};
		2AD614552EBA262900C697C4 /* JarvisInspector */ = {
			isa = XCSwiftPackageProductDependency;
			productName = JarvisInspector;
		};
		2AD614572EBA262900C697C4 /* JarvisPreferences */ = {
			isa = XCSwiftPackageProductDependency;
			productName = JarvisPreferences;
		};
		2AD6145A2EBA57A300C697C4 /* Jarvis */ = {
			isa = XCSwiftPackageProductDependency;
			productName = Jarvis;
		};
		2AD6145C2EBA57A300C697C4 /* JarvisInspector */ = {
			isa = XCSwiftPackageProductDependency;
			productName = JarvisInspector;
		};
		2AD6145E2EBA57A300C697C4 /* JarvisPreferences */ = {
			isa = XCSwiftPackageProductDependency;
			productName = JarvisPreferences;
		};
		2AD614612EBA69D500C697C4 /* Jarvis */ = {
			isa = XCSwiftPackageProductDependency;
			productName = Jarvis;
		};
		2AD614632EBA69D500C697C4 /* JarvisInspector */ = {
			isa = XCSwiftPackageProductDependency;
			productName = JarvisInspector;
		};
		2AD614652EBA69D500C697C4 /* JarvisPreferences */ = {
			isa = XCSwiftPackageProductDependency;
			productName = JarvisPreferences;
		};
		2AD614682EBA6A7800C697C4 /* Jarvis */ = {
			isa = XCSwiftPackageProductDependency;
			productName = Jarvis;
		};
		2AD6146A2EBA6A7800C697C4 /* JarvisInspector */ = {
			isa = XCSwiftPackageProductDependency;
			productName = JarvisInspector;
		};
		2AD6146C2EBA6A7800C697C4 /* JarvisPreferences */ = {
			isa = XCSwiftPackageProductDependency;
			productName = JarvisPreferences;
		};
		2AD6146F2EBAA77200C697C4 /* Jarvis */ = {
			isa = XCSwiftPackageProductDependency;
			productName = Jarvis;
		};
		2AD614712EBAA77200C697C4 /* JarvisInspector */ = {
			isa = XCSwiftPackageProductDependency;
			productName = JarvisInspector;
		};
		2AD614732EBAA77200C697C4 /* JarvisPreferences */ = {
			isa = XCSwiftPackageProductDependency;
			productName = JarvisPreferences;
		};
		2AD614762EBAAC8300C697C4 /* Jarvis */ = {
			isa = XCSwiftPackageProductDependency;
			productName = Jarvis;
		};
		2AD614782EBAAC8300C697C4 /* JarvisInspector */ = {
			isa = XCSwiftPackageProductDependency;
			productName = JarvisInspector;
		};
		2AD6147A2EBAAC8300C697C4 /* JarvisPreferences */ = {
			isa = XCSwiftPackageProductDependency;
			productName = JarvisPreferences;
		};
		2AD6147D2EBAC50300C697C4 /* Jarvis */ = {
			isa = XCSwiftPackageProductDependency;
			productName = Jarvis;
		};
		2AD6147F2EBAC50300C697C4 /* JarvisInspector */ = {
			isa = XCSwiftPackageProductDependency;
			productName = JarvisInspector;
		};
		2AD614812EBAC50300C697C4 /* JarvisPreferences */ = {
			isa = XCSwiftPackageProductDependency;
			productName = JarvisPreferences;
		};
		2AD614862EBB5FBB00C697C4 /* Jarvis */ = {
			isa = XCSwiftPackageProductDependency;
			productName = Jarvis;
		};
		2AD614882EBB5FBB00C697C4 /* JarvisInspector */ = {
			isa = XCSwiftPackageProductDependency;
			productName = JarvisInspector;
		};
		2AD6148A2EBB5FBB00C697C4 /* JarvisPreferences */ = {
			isa = XCSwiftPackageProductDependency;
			productName = JarvisPreferences;
		};
		2AD6148D2EBB610400C697C4 /* Jarvis */ = {
			isa = XCSwiftPackageProductDependency;
			productName = Jarvis;
		};
		2AD6148F2EBB610400C697C4 /* JarvisInspector */ = {
			isa = XCSwiftPackageProductDependency;
			productName = JarvisInspector;
		};
		2AD614912EBB610400C697C4 /* JarvisPreferences */ = {
			isa = XCSwiftPackageProductDependency;
			productName = JarvisPreferences;
		};
		2AD614962EBBB89100C697C4 /* Jarvis */ = {
			isa = XCSwiftPackageProductDependency;
			productName = Jarvis;
		};
		2AD614982EBBB89100C697C4 /* JarvisInspector */ = {
			isa = XCSwiftPackageProductDependency;
			productName = JarvisInspector;
		};
		2AD6149A2EBBB89100C697C4 /* JarvisPreferences */ = {
			isa = XCSwiftPackageProductDependency;
			productName = JarvisPreferences;
		};
		2AD6149D2EBC10F700C697C4 /* Jarvis */ = {
			isa = XCSwiftPackageProductDependency;
			productName = Jarvis;
		};
		2AD6149F2EBC10F700C697C4 /* JarvisInspector */ = {
			isa = XCSwiftPackageProductDependency;
			productName = JarvisInspector;
		};
		2AD614A12EBC10F700C697C4 /* JarvisPreferences */ = {
			isa = XCSwiftPackageProductDependency;
			productName = JarvisPreferences;
		};
		2AD614A42EBC20B000C697C4 /* Jarvis */ = {
			isa = XCSwiftPackageProductDependency;
			productName = Jarvis;
		};
		2AD614A62EBC20B000C697C4 /* JarvisInspector */ = {
			isa = XCSwiftPackageProductDependency;
			productName = JarvisInspector;
		};
		2AD614A82EBC20B000C697C4 /* JarvisPreferences */ = {
			isa = XCSwiftPackageProductDependency;
			productName = JarvisPreferences;
		};
		2AD6157F2EBD28DC00C697C4 /* Jarvis */ = {
			isa = XCSwiftPackageProductDependency;
			productName = Jarvis;
		};
		2AD615812EBD28DC00C697C4 /* JarvisInspector */ = {
			isa = XCSwiftPackageProductDependency;
			productName = JarvisInspector;
		};
		2AD615832EBD28DC00C697C4 /* JarvisPreferences */ = {
			isa = XCSwiftPackageProductDependency;
			productName = JarvisPreferences;
		};
		2AD615862EBD29A600C697C4 /* Jarvis */ = {
			isa = XCSwiftPackageProductDependency;
			productName = Jarvis;
		};
		2AD615882EBD29A600C697C4 /* JarvisInspector */ = {
			isa = XCSwiftPackageProductDependency;
			productName = JarvisInspector;
		};
		2AD6158A2EBD29A600C697C4 /* JarvisPreferences */ = {
			isa = XCSwiftPackageProductDependency;
			productName = JarvisPreferences;
		};
		2AD6158D2EBD371700C697C4 /* Jarvis */ = {
			isa = XCSwiftPackageProductDependency;
			productName = Jarvis;
		};
		2AD6158F2EBD371700C697C4 /* JarvisInspector */ = {
			isa = XCSwiftPackageProductDependency;
			productName = JarvisInspector;
		};
		2AD615912EBD371700C697C4 /* JarvisPreferences */ = {
			isa = XCSwiftPackageProductDependency;
			productName = JarvisPreferences;
		};
		2AD615942EBDF10700C697C4 /* Jarvis */ = {
			isa = XCSwiftPackageProductDependency;
			productName = Jarvis;
		};
		2AD615962EBDF10700C697C4 /* JarvisInspector */ = {
			isa = XCSwiftPackageProductDependency;
			productName = JarvisInspector;
		};
		2AD615982EBDF10700C697C4 /* JarvisPreferences */ = {
			isa = XCSwiftPackageProductDependency;
			productName = JarvisPreferences;
		};
		2AD6159B2EBE161100C697C4 /* Jarvis */ = {
			isa = XCSwiftPackageProductDependency;
			productName = Jarvis;
		};
		2AD6159D2EBE161100C697C4 /* JarvisInspector */ = {
			isa = XCSwiftPackageProductDependency;
			productName = JarvisInspector;
		};
		2AD6159F2EBE161100C697C4 /* JarvisPreferences */ = {
			isa = XCSwiftPackageProductDependency;
			productName = JarvisPreferences;
		};
		2AD615A22EBE2D5000C697C4 /* Jarvis */ = {
			isa = XCSwiftPackageProductDependency;
			productName = Jarvis;
		};
		2AD615A42EBE2D5000C697C4 /* JarvisInspector */ = {
			isa = XCSwiftPackageProductDependency;
			productName = JarvisInspector;
		};
		2AD615A62EBE2D5000C697C4 /* JarvisPreferences */ = {
			isa = XCSwiftPackageProductDependency;
			productName = JarvisPreferences;
		};
		2AD615A92EBE33D400C697C4 /* Jarvis */ = {
			isa = XCSwiftPackageProductDependency;
			productName = Jarvis;
		};
		2AD615AB2EBE33D400C697C4 /* JarvisInspector */ = {
			isa = XCSwiftPackageProductDependency;
			productName = JarvisInspector;
		};
		2AD615AD2EBE33D400C697C4 /* JarvisPreferences */ = {
			isa = XCSwiftPackageProductDependency;
			productName = JarvisPreferences;
		};
		2AD615B02EBE909000C697C4 /* Jarvis */ = {
			isa = XCSwiftPackageProductDependency;
			productName = Jarvis;
		};
		2AD615B22EBE909000C697C4 /* JarvisInspector */ = {
			isa = XCSwiftPackageProductDependency;
			productName = JarvisInspector;
		};
		2AD615B42EBE909000C697C4 /* JarvisPreferences */ = {
			isa = XCSwiftPackageProductDependency;
			productName = JarvisPreferences;
		};
		2AD615B72EBE960700C697C4 /* Jarvis */ = {
			isa = XCSwiftPackageProductDependency;
			productName = Jarvis;
		};
		2AD615B92EBE960700C697C4 /* JarvisInspector */ = {
			isa = XCSwiftPackageProductDependency;
			productName = JarvisInspector;
		};
		2AD615BB2EBE960700C697C4 /* JarvisPreferences */ = {
			isa = XCSwiftPackageProductDependency;
			productName = JarvisPreferences;
		};
/* End XCSwiftPackageProductDependency section */
	};
	rootObject = 2A82D1652E25CDFC00C65589 /* Project object */;
}
