// !$*UTF8*$!
{
	archiveVersion = 1;
	classes = {
	};
	objectVersion = 77;
	objects = {

/* Begin PBXBuildFile section */
		2A139F322E9F027900C499DA /* Jarvis in Frameworks */ = {isa = PBXBuildFile; productRef = 2A139F312E9F027900C499DA /* Jarvis */; };
		2A139F342E9F027900C499DA /* JarvisInspector in Frameworks */ = {isa = PBXBuildFile; productRef = 2A139F332E9F027900C499DA /* JarvisInspector */; };
		2A139F362E9F027900C499DA /* JarvisPreferences in Frameworks */ = {isa = PBXBuildFile; productRef = 2A139F352E9F027900C499DA /* JarvisPreferences */; };
		2A13A0072E9F977900C499DA /* Jarvis in Frameworks */ = {isa = PBXBuildFile; productRef = 2A13A0062E9F977900C499DA /* Jarvis */; };
		2A13A0092E9F977900C499DA /* JarvisInspector in Frameworks */ = {isa = PBXBuildFile; productRef = 2A13A0082E9F977900C499DA /* JarvisInspector */; };
		2A13A00B2E9F977900C499DA /* JarvisPreferences in Frameworks */ = {isa = PBXBuildFile; productRef = 2A13A00A2E9F977900C499DA /* JarvisPreferences */; };
		2A13A00E2EA41C1200C499DA /* DesignSystem in Frameworks */ = {isa = PBXBuildFile; productRef = 2A13A00D2EA41C1200C499DA /* DesignSystem */; };
		2A13A0742EA52F3F00C499DA /* DesignSystem in Frameworks */ = {isa = PBXBuildFile; productRef = 2A13A0732EA52F3F00C499DA /* DesignSystem */; };
		2A13A0792EA5722400C499DA /* DesignSystem in Frameworks */ = {isa = PBXBuildFile; productRef = 2A13A0782EA5722400C499DA /* DesignSystem */; };
		2A6523082EAD6CFF0080EB38 /* DesignSystem in Frameworks */ = {isa = PBXBuildFile; productRef = 2A6523072EAD6CFF0080EB38 /* DesignSystem */; };
		2A6523DF2EAD9F5B0080EB38 /* Jarvis in Frameworks */ = {isa = PBXBuildFile; productRef = 2A6523DE2EAD9F5B0080EB38 /* Jarvis */; };
		2A6523E12EAD9F5B0080EB38 /* JarvisInspector in Frameworks */ = {isa = PBXBuildFile; productRef = 2A6523E02EAD9F5B0080EB38 /* JarvisInspector */; };
		2A6523E32EAD9F5B0080EB38 /* JarvisPreferences in Frameworks */ = {isa = PBXBuildFile; productRef = 2A6523E22EAD9F5B0080EB38 /* JarvisPreferences */; };
		2A6523E62EAE57850080EB38 /* Jarvis in Frameworks */ = {isa = PBXBuildFile; productRef = 2A6523E52EAE57850080EB38 /* Jarvis */; };
		2A6523E82EAE57850080EB38 /* JarvisInspector in Frameworks */ = {isa = PBXBuildFile; productRef = 2A6523E72EAE57850080EB38 /* JarvisInspector */; };
		2A6523EA2EAE57850080EB38 /* JarvisPreferences in Frameworks */ = {isa = PBXBuildFile; productRef = 2A6523E92EAE57850080EB38 /* JarvisPreferences */; };
		2A6524572EAEAA7C0080EB38 /* Jarvis in Frameworks */ = {isa = PBXBuildFile; productRef = 2A6524562EAEAA7C0080EB38 /* Jarvis */; };
		2A6524592EAEAA7C0080EB38 /* JarvisInspector in Frameworks */ = {isa = PBXBuildFile; productRef = 2A6524582EAEAA7C0080EB38 /* JarvisInspector */; };
		2A65245B2EAEAA7C0080EB38 /* JarvisPreferences in Frameworks */ = {isa = PBXBuildFile; productRef = 2A65245A2EAEAA7C0080EB38 /* JarvisPreferences */; };
		2A65245E2EAEBAD50080EB38 /* Jarvis in Frameworks */ = {isa = PBXBuildFile; productRef = 2A65245D2EAEBAD50080EB38 /* Jarvis */; };
		2A6524602EAEBAD50080EB38 /* JarvisInspector in Frameworks */ = {isa = PBXBuildFile; productRef = 2A65245F2EAEBAD50080EB38 /* JarvisInspector */; };
		2A6524622EAEBAD50080EB38 /* JarvisPreferences in Frameworks */ = {isa = PBXBuildFile; productRef = 2A6524612EAEBAD50080EB38 /* JarvisPreferences */; };
/* End PBXBuildFile section */

/* Begin PBXContainerItemProxy section */
		2A82D1802E25CDFE00C65589 /* PBXContainerItemProxy */ = {
			isa = PBXContainerItemProxy;
			containerPortal = 2A82D1652E25CDFC00C65589 /* Project object */;
			proxyType = 1;
			remoteGlobalIDString = 2A82D16C2E25CDFC00C65589;
			remoteInfo = JarvisDemo;
		};
		2A82D18A2E25CDFE00C65589 /* PBXContainerItemProxy */ = {
			isa = PBXContainerItemProxy;
			containerPortal = 2A82D1652E25CDFC00C65589 /* Project object */;
			proxyType = 1;
			remoteGlobalIDString = 2A82D16C2E25CDFC00C65589;
			remoteInfo = JarvisDemo;
		};
/* End PBXContainerItemProxy section */

/* Begin PBXFileReference section */
		2A82D16D2E25CDFC00C65589 /* JarvisDemo.app */ = {isa = PBXFileReference; explicitFileType = wrapper.application; includeInIndex = 0; path = JarvisDemo.app; sourceTree = BUILT_PRODUCTS_DIR; };
		2A82D17F2E25CDFE00C65589 /* JarvisDemoTests.xctest */ = {isa = PBXFileReference; explicitFileType = wrapper.cfbundle; includeInIndex = 0; path = JarvisDemoTests.xctest; sourceTree = BUILT_PRODUCTS_DIR; };
		2A82D1892E25CDFE00C65589 /* JarvisDemoUITests.xctest */ = {isa = PBXFileReference; explicitFileType = wrapper.cfbundle; includeInIndex = 0; path = JarvisDemoUITests.xctest; sourceTree = BUILT_PRODUCTS_DIR; };
/* End PBXFileReference section */

/* Begin PBXFileSystemSynchronizedRootGroup section */
		2A82D16F2E25CDFC00C65589 /* JarvisDemo */ = {
			isa = PBXFileSystemSynchronizedRootGroup;
			path = JarvisDemo;
			sourceTree = "<group>";
		};
		2A82D1822E25CDFE00C65589 /* JarvisDemoTests */ = {
			isa = PBXFileSystemSynchronizedRootGroup;
			path = JarvisDemoTests;
			sourceTree = "<group>";
		};
		2A82D18C2E25CDFE00C65589 /* JarvisDemoUITests */ = {
			isa = PBXFileSystemSynchronizedRootGroup;
			path = JarvisDemoUITests;
			sourceTree = "<group>";
		};
/* End PBXFileSystemSynchronizedRootGroup section */

/* Begin PBXFrameworksBuildPhase section */
		2A82D16A2E25CDFC00C65589 /* Frameworks */ = {
			isa = PBXFrameworksBuildPhase;
			buildActionMask = 2147483647;
			files = (
				2A6523DF2EAD9F5B0080EB38 /* Jarvis in Frameworks */,
				2A139F322E9F027900C499DA /* Jarvis in Frameworks */,
				2A6524572EAEAA7C0080EB38 /* Jarvis in Frameworks */,
				2A6524592EAEAA7C0080EB38 /* JarvisInspector in Frameworks */,
				2A6523EA2EAE57850080EB38 /* JarvisPreferences in Frameworks */,
				2A65245E2EAEBAD50080EB38 /* Jarvis in Frameworks */,
				2A13A0072E9F977900C499DA /* Jarvis in Frameworks */,
				2A6523E32EAD9F5B0080EB38 /* JarvisPreferences in Frameworks */,
				2A6524622EAEBAD50080EB38 /* JarvisPreferences in Frameworks */,
				2A13A00E2EA41C1200C499DA /* DesignSystem in Frameworks */,
				2A6524602EAEBAD50080EB38 /* JarvisInspector in Frameworks */,
				2A13A0792EA5722400C499DA /* DesignSystem in Frameworks */,
				2A13A0742EA52F3F00C499DA /* DesignSystem in Frameworks */,
				2A6523082EAD6CFF0080EB38 /* DesignSystem in Frameworks */,
				2A139F362E9F027900C499DA /* JarvisPreferences in Frameworks */,
				2A65245B2EAEAA7C0080EB38 /* JarvisPreferences in Frameworks */,
				2A6523E82EAE57850080EB38 /* JarvisInspector in Frameworks */,
				2A6523E62EAE57850080EB38 /* Jarvis in Frameworks */,
				2A139F342E9F027900C499DA /* JarvisInspector in Frameworks */,
				2A6523E12EAD9F5B0080EB38 /* JarvisInspector in Frameworks */,
				2A13A00B2E9F977900C499DA /* JarvisPreferences in Frameworks */,
				2A13A0092E9F977900C499DA /* JarvisInspector in Frameworks */,
			);
			runOnlyForDeploymentPostprocessing = 0;
		};
		2A82D17C2E25CDFE00C65589 /* Frameworks */ = {
			isa = PBXFrameworksBuildPhase;
			buildActionMask = 2147483647;
			files = (
			);
			runOnlyForDeploymentPostprocessing = 0;
		};
		2A82D1862E25CDFE00C65589 /* Frameworks */ = {
			isa = PBXFrameworksBuildPhase;
			buildActionMask = 2147483647;
			files = (
			);
			runOnlyForDeploymentPostprocessing = 0;
		};
/* End PBXFrameworksBuildPhase section */

/* Begin PBXGroup section */
		2A82D1642E25CDFC00C65589 = {
			isa = PBXGroup;
			children = (
				2A82D16F2E25CDFC00C65589 /* JarvisDemo */,
				2A82D1822E25CDFE00C65589 /* JarvisDemoTests */,
				2A82D18C2E25CDFE00C65589 /* JarvisDemoUITests */,
				2A82D16E2E25CDFC00C65589 /* Products */,
			);
			sourceTree = "<group>";
		};
		2A82D16E2E25CDFC00C65589 /* Products */ = {
			isa = PBXGroup;
			children = (
				2A82D16D2E25CDFC00C65589 /* JarvisDemo.app */,
				2A82D17F2E25CDFE00C65589 /* JarvisDemoTests.xctest */,
				2A82D1892E25CDFE00C65589 /* JarvisDemoUITests.xctest */,
			);
			name = Products;
			sourceTree = "<group>";
		};
/* End PBXGroup section */

/* Begin PBXNativeTarget section */
		2A82D16C2E25CDFC00C65589 /* JarvisDemo */ = {
			isa = PBXNativeTarget;
			buildConfigurationList = 2A82D1932E25CDFE00C65589 /* Build configuration list for PBXNativeTarget "JarvisDemo" */;
			buildPhases = (
				2A82D1692E25CDFC00C65589 /* Sources */,
				2A82D16A2E25CDFC00C65589 /* Frameworks */,
				2A82D16B2E25CDFC00C65589 /* Resources */,
			);
			buildRules = (
			);
			dependencies = (
			);
			fileSystemSynchronizedGroups = (
				2A82D16F2E25CDFC00C65589 /* JarvisDemo */,
			);
			name = JarvisDemo;
			packageProductDependencies = (
				2A139F312E9F027900C499DA /* Jarvis */,
				2A139F332E9F027900C499DA /* JarvisInspector */,
				2A139F352E9F027900C499DA /* JarvisPreferences */,
				2A13A0062E9F977900C499DA /* Jarvis */,
				2A13A0082E9F977900C499DA /* JarvisInspector */,
				2A13A00A2E9F977900C499DA /* JarvisPreferences */,
				2A13A00D2EA41C1200C499DA /* DesignSystem */,
				2A13A0732EA52F3F00C499DA /* DesignSystem */,
				2A13A0782EA5722400C499DA /* DesignSystem */,
				2A6523072EAD6CFF0080EB38 /* DesignSystem */,
				2A6523DE2EAD9F5B0080EB38 /* Jarvis */,
				2A6523E02EAD9F5B0080EB38 /* JarvisInspector */,
				2A6523E22EAD9F5B0080EB38 /* JarvisPreferences */,
				2A6523E52EAE57850080EB38 /* Jarvis */,
				2A6523E72EAE57850080EB38 /* JarvisInspector */,
				2A6523E92EAE57850080EB38 /* JarvisPreferences */,
				2A6524562EAEAA7C0080EB38 /* Jarvis */,
				2A6524582EAEAA7C0080EB38 /* JarvisInspector */,
				2A65245A2EAEAA7C0080EB38 /* JarvisPreferences */,
				2A65245D2EAEBAD50080EB38 /* Jarvis */,
				2A65245F2EAEBAD50080EB38 /* JarvisInspector */,
				2A6524612EAEBAD50080EB38 /* JarvisPreferences */,
			);
			productName = JarvisDemo;
			productReference = 2A82D16D2E25CDFC00C65589 /* JarvisDemo.app */;
			productType = "com.apple.product-type.application";
		};
		2A82D17E2E25CDFE00C65589 /* JarvisDemoTests */ = {
			isa = PBXNativeTarget;
			buildConfigurationList = 2A82D1962E25CDFE00C65589 /* Build configuration list for PBXNativeTarget "JarvisDemoTests" */;
			buildPhases = (
				2A82D17B2E25CDFE00C65589 /* Sources */,
				2A82D17C2E25CDFE00C65589 /* Frameworks */,
				2A82D17D2E25CDFE00C65589 /* Resources */,
			);
			buildRules = (
			);
			dependencies = (
				2A82D1812E25CDFE00C65589 /* PBXTargetDependency */,
			);
			fileSystemSynchronizedGroups = (
				2A82D1822E25CDFE00C65589 /* JarvisDemoTests */,
			);
			name = JarvisDemoTests;
			packageProductDependencies = (
			);
			productName = JarvisDemoTests;
			productReference = 2A82D17F2E25CDFE00C65589 /* JarvisDemoTests.xctest */;
			productType = "com.apple.product-type.bundle.unit-test";
		};
		2A82D1882E25CDFE00C65589 /* JarvisDemoUITests */ = {
			isa = PBXNativeTarget;
			buildConfigurationList = 2A82D1992E25CDFE00C65589 /* Build configuration list for PBXNativeTarget "JarvisDemoUITests" */;
			buildPhases = (
				2A82D1852E25CDFE00C65589 /* Sources */,
				2A82D1862E25CDFE00C65589 /* Frameworks */,
				2A82D1872E25CDFE00C65589 /* Resources */,
			);
			buildRules = (
			);
			dependencies = (
				2A82D18B2E25CDFE00C65589 /* PBXTargetDependency */,
			);
			fileSystemSynchronizedGroups = (
				2A82D18C2E25CDFE00C65589 /* JarvisDemoUITests */,
			);
			name = JarvisDemoUITests;
			packageProductDependencies = (
			);
			productName = JarvisDemoUITests;
			productReference = 2A82D1892E25CDFE00C65589 /* JarvisDemoUITests.xctest */;
			productType = "com.apple.product-type.bundle.ui-testing";
		};
/* End PBXNativeTarget section */

/* Begin PBXProject section */
		2A82D1652E25CDFC00C65589 /* Project object */ = {
			isa = PBXProject;
			attributes = {
				BuildIndependentTargetsInParallel = 1;
				LastSwiftUpdateCheck = 1620;
				LastUpgradeCheck = 1620;
				TargetAttributes = {
					2A82D16C2E25CDFC00C65589 = {
						CreatedOnToolsVersion = 16.2;
					};
					2A82D17E2E25CDFE00C65589 = {
						CreatedOnToolsVersion = 16.2;
						TestTargetID = 2A82D16C2E25CDFC00C65589;
					};
					2A82D1882E25CDFE00C65589 = {
						CreatedOnToolsVersion = 16.2;
						TestTargetID = 2A82D16C2E25CDFC00C65589;
					};
				};
			};
			buildConfigurationList = 2A82D1682E25CDFC00C65589 /* Build configuration list for PBXProject "JarvisDemo" */;
			developmentRegion = en;
			hasScannedForEncodings = 0;
			knownRegions = (
				en,
				Base,
			);
			mainGroup = 2A82D1642E25CDFC00C65589;
			minimizedProjectReferenceProxies = 1;
			packageReferences = (
				2A6523062EAD6CFF0080EB38 /* XCLocalSwiftPackageReference "../JarvisDesignSystem" */,
				2A65245C2EAEBAD50080EB38 /* XCLocalSwiftPackageReference "../JarvisSDK" */,
			);
			preferredProjectObjectVersion = 77;
			productRefGroup = 2A82D16E2E25CDFC00C65589 /* Products */;
			projectDirPath = "";
			projectRoot = "";
			targets = (
				2A82D16C2E25CDFC00C65589 /* JarvisDemo */,
				2A82D17E2E25CDFE00C65589 /* JarvisDemoTests */,
				2A82D1882E25CDFE00C65589 /* JarvisDemoUITests */,
			);
		};
/* End PBXProject section */

/* Begin PBXResourcesBuildPhase section */
		2A82D16B2E25CDFC00C65589 /* Resources */ = {
			isa = PBXResourcesBuildPhase;
			buildActionMask = 2147483647;
			files = (
			);
			runOnlyForDeploymentPostprocessing = 0;
		};
		2A82D17D2E25CDFE00C65589 /* Resources */ = {
			isa = PBXResourcesBuildPhase;
			buildActionMask = 2147483647;
			files = (
			);
			runOnlyForDeploymentPostprocessing = 0;
		};
		2A82D1872E25CDFE00C65589 /* Resources */ = {
			isa = PBXResourcesBuildPhase;
			buildActionMask = 2147483647;
			files = (
			);
			runOnlyForDeploymentPostprocessing = 0;
		};
/* End PBXResourcesBuildPhase section */

/* Begin PBXSourcesBuildPhase section */
		2A82D1692E25CDFC00C65589 /* Sources */ = {
			isa = PBXSourcesBuildPhase;
			buildActionMask = 2147483647;
			files = (
			);
			runOnlyForDeploymentPostprocessing = 0;
		};
		2A82D17B2E25CDFE00C65589 /* Sources */ = {
			isa = PBXSourcesBuildPhase;
			buildActionMask = 2147483647;
			files = (
			);
			runOnlyForDeploymentPostprocessing = 0;
		};
		2A82D1852E25CDFE00C65589 /* Sources */ = {
			isa = PBXSourcesBuildPhase;
			buildActionMask = 2147483647;
			files = (
			);
			runOnlyForDeploymentPostprocessing = 0;
		};
/* End PBXSourcesBuildPhase section */

/* Begin PBXTargetDependency section */
		2A82D1812E25CDFE00C65589 /* PBXTargetDependency */ = {
			isa = PBXTargetDependency;
			target = 2A82D16C2E25CDFC00C65589 /* JarvisDemo */;
			targetProxy = 2A82D1802E25CDFE00C65589 /* PBXContainerItemProxy */;
		};
		2A82D18B2E25CDFE00C65589 /* PBXTargetDependency */ = {
			isa = PBXTargetDependency;
			target = 2A82D16C2E25CDFC00C65589 /* JarvisDemo */;
			targetProxy = 2A82D18A2E25CDFE00C65589 /* PBXContainerItemProxy */;
		};
/* End PBXTargetDependency section */

/* Begin XCBuildConfiguration section */
		2A82D1912E25CDFE00C65589 /* Debug */ = {
			isa = XCBuildConfiguration;
			buildSettings = {
				ALWAYS_SEARCH_USER_PATHS = NO;
				ASSETCATALOG_COMPILER_GENERATE_SWIFT_ASSET_SYMBOL_EXTENSIONS = YES;
				CLANG_ANALYZER_NONNULL = YES;
				CLANG_ANALYZER_NUMBER_OBJECT_CONVERSION = YES_AGGRESSIVE;
				CLANG_CXX_LANGUAGE_STANDARD = "gnu++20";
				CLANG_ENABLE_MODULES = YES;
				CLANG_ENABLE_OBJC_ARC = YES;
				CLANG_ENABLE_OBJC_WEAK = YES;
				CLANG_WARN_BLOCK_CAPTURE_AUTORELEASING = YES;
				CLANG_WARN_BOOL_CONVERSION = YES;
				CLANG_WARN_COMMA = YES;
				CLANG_WARN_CONSTANT_CONVERSION = YES;
				CLANG_WARN_DEPRECATED_OBJC_IMPLEMENTATIONS = YES;
				CLANG_WARN_DIRECT_OBJC_ISA_USAGE = YES_ERROR;
				CLANG_WARN_DOCUMENTATION_COMMENTS = YES;
				CLANG_WARN_EMPTY_BODY = YES;
				CLANG_WARN_ENUM_CONVERSION = YES;
				CLANG_WARN_INFINITE_RECURSION = YES;
				CLANG_WARN_INT_CONVERSION = YES;
				CLANG_WARN_NON_LITERAL_NULL_CONVERSION = YES;
				CLANG_WARN_OBJC_IMPLICIT_RETAIN_SELF = YES;
				CLANG_WARN_OBJC_LITERAL_CONVERSION = YES;
				CLANG_WARN_OBJC_ROOT_CLASS = YES_ERROR;
				CLANG_WARN_QUOTED_INCLUDE_IN_FRAMEWORK_HEADER = YES;
				CLANG_WARN_RANGE_LOOP_ANALYSIS = YES;
				CLANG_WARN_STRICT_PROTOTYPES = YES;
				CLANG_WARN_SUSPICIOUS_MOVE = YES;
				CLANG_WARN_UNGUARDED_AVAILABILITY = YES_AGGRESSIVE;
				CLANG_WARN_UNREACHABLE_CODE = YES;
				CLANG_WARN__DUPLICATE_METHOD_MATCH = YES;
				COPY_PHASE_STRIP = NO;
				DEBUG_INFORMATION_FORMAT = dwarf;
				ENABLE_STRICT_OBJC_MSGSEND = YES;
				ENABLE_TESTABILITY = YES;
				ENABLE_USER_SCRIPT_SANDBOXING = YES;
				GCC_C_LANGUAGE_STANDARD = gnu17;
				GCC_DYNAMIC_NO_PIC = NO;
				GCC_NO_COMMON_BLOCKS = YES;
				GCC_OPTIMIZATION_LEVEL = 0;
				GCC_PREPROCESSOR_DEFINITIONS = (
					"DEBUG=1",
					"$(inherited)",
				);
				GCC_WARN_64_TO_32_BIT_CONVERSION = YES;
				GCC_WARN_ABOUT_RETURN_TYPE = YES_ERROR;
				GCC_WARN_UNDECLARED_SELECTOR = YES;
				GCC_WARN_UNINITIALIZED_AUTOS = YES_AGGRESSIVE;
				GCC_WARN_UNUSED_FUNCTION = YES;
				GCC_WARN_UNUSED_VARIABLE = YES;
				IPHONEOS_DEPLOYMENT_TARGET = 18.2;
				LOCALIZATION_PREFERS_STRING_CATALOGS = YES;
				MTL_ENABLE_DEBUG_INFO = INCLUDE_SOURCE;
				MTL_FAST_MATH = YES;
				ONLY_ACTIVE_ARCH = YES;
				SDKROOT = iphoneos;
				SWIFT_ACTIVE_COMPILATION_CONDITIONS = "DEBUG $(inherited)";
				SWIFT_OPTIMIZATION_LEVEL = "-Onone";
			};
			name = Debug;
		};
		2A82D1922E25CDFE00C65589 /* Release */ = {
			isa = XCBuildConfiguration;
			buildSettings = {
				ALWAYS_SEARCH_USER_PATHS = NO;
				ASSETCATALOG_COMPILER_GENERATE_SWIFT_ASSET_SYMBOL_EXTENSIONS = YES;
				CLANG_ANALYZER_NONNULL = YES;
				CLANG_ANALYZER_NUMBER_OBJECT_CONVERSION = YES_AGGRESSIVE;
				CLANG_CXX_LANGUAGE_STANDARD = "gnu++20";
				CLANG_ENABLE_MODULES = YES;
				CLANG_ENABLE_OBJC_ARC = YES;
				CLANG_ENABLE_OBJC_WEAK = YES;
				CLANG_WARN_BLOCK_CAPTURE_AUTORELEASING = YES;
				CLANG_WARN_BOOL_CONVERSION = YES;
				CLANG_WARN_COMMA = YES;
				CLANG_WARN_CONSTANT_CONVERSION = YES;
				CLANG_WARN_DEPRECATED_OBJC_IMPLEMENTATIONS = YES;
				CLANG_WARN_DIRECT_OBJC_ISA_USAGE = YES_ERROR;
				CLANG_WARN_DOCUMENTATION_COMMENTS = YES;
				CLANG_WARN_EMPTY_BODY = YES;
				CLANG_WARN_ENUM_CONVERSION = YES;
				CLANG_WARN_INFINITE_RECURSION = YES;
				CLANG_WARN_INT_CONVERSION = YES;
				CLANG_WARN_NON_LITERAL_NULL_CONVERSION = YES;
				CLANG_WARN_OBJC_IMPLICIT_RETAIN_SELF = YES;
				CLANG_WARN_OBJC_LITERAL_CONVERSION = YES;
				CLANG_WARN_OBJC_ROOT_CLASS = YES_ERROR;
				CLANG_WARN_QUOTED_INCLUDE_IN_FRAMEWORK_HEADER = YES;
				CLANG_WARN_RANGE_LOOP_ANALYSIS = YES;
				CLANG_WARN_STRICT_PROTOTYPES = YES;
				CLANG_WARN_SUSPICIOUS_MOVE = YES;
				CLANG_WARN_UNGUARDED_AVAILABILITY = YES_AGGRESSIVE;
				CLANG_WARN_UNREACHABLE_CODE = YES;
				CLANG_WARN__DUPLICATE_METHOD_MATCH = YES;
				COPY_PHASE_STRIP = NO;
				DEBUG_INFORMATION_FORMAT = "dwarf-with-dsym";
				ENABLE_NS_ASSERTIONS = NO;
				ENABLE_STRICT_OBJC_MSGSEND = YES;
				ENABLE_USER_SCRIPT_SANDBOXING = YES;
				GCC_C_LANGUAGE_STANDARD = gnu17;
				GCC_NO_COMMON_BLOCKS = YES;
				GCC_WARN_64_TO_32_BIT_CONVERSION = YES;
				GCC_WARN_ABOUT_RETURN_TYPE = YES_ERROR;
				GCC_WARN_UNDECLARED_SELECTOR = YES;
				GCC_WARN_UNINITIALIZED_AUTOS = YES_AGGRESSIVE;
				GCC_WARN_UNUSED_FUNCTION = YES;
				GCC_WARN_UNUSED_VARIABLE = YES;
				IPHONEOS_DEPLOYMENT_TARGET = 18.2;
				LOCALIZATION_PREFERS_STRING_CATALOGS = YES;
				MTL_ENABLE_DEBUG_INFO = NO;
				MTL_FAST_MATH = YES;
				SDKROOT = iphoneos;
				SWIFT_COMPILATION_MODE = wholemodule;
				VALIDATE_PRODUCT = YES;
			};
			name = Release;
		};
		2A82D1942E25CDFE00C65589 /* Debug */ = {
			isa = XCBuildConfiguration;
			buildSettings = {
				ASSETCATALOG_COMPILER_APPICON_NAME = AppIcon;
				ASSETCATALOG_COMPILER_GLOBAL_ACCENT_COLOR_NAME = AccentColor;
				CODE_SIGN_STYLE = Automatic;
				CURRENT_PROJECT_VERSION = 1;
				DEVELOPMENT_ASSET_PATHS = "\"JarvisDemo/Preview Content\"";
				DEVELOPMENT_TEAM = D3574J47V9;
				ENABLE_PREVIEWS = YES;
				GENERATE_INFOPLIST_FILE = YES;
				INFOPLIST_KEY_UIApplicationSceneManifest_Generation = YES;
				INFOPLIST_KEY_UIApplicationSupportsIndirectInputEvents = YES;
				INFOPLIST_KEY_UILaunchStoryboardName = LaunchScreen;
				INFOPLIST_KEY_UISupportedInterfaceOrientations_iPad = "UIInterfaceOrientationPortrait UIInterfaceOrientationPortraitUpsideDown UIInterfaceOrientationLandscapeLeft UIInterfaceOrientationLandscapeRight";
				INFOPLIST_KEY_UISupportedInterfaceOrientations_iPhone = "UIInterfaceOrientationPortrait UIInterfaceOrientationLandscapeLeft UIInterfaceOrientationLandscapeRight";
				IPHONEOS_DEPLOYMENT_TARGET = 16.0;
				LD_RUNPATH_SEARCH_PATHS = (
					"$(inherited)",
					"@executable_path/Frameworks",
				);
				MARKETING_VERSION = 1.0.0;
				PRODUCT_BUNDLE_IDENTIFIER = com.jarvis.JarvisDemo;
				PRODUCT_NAME = "$(TARGET_NAME)";
				SWIFT_EMIT_LOC_STRINGS = YES;
				SWIFT_VERSION = 5.0;
				TARGETED_DEVICE_FAMILY = "1,2";
			};
			name = Debug;
		};
		2A82D1952E25CDFE00C65589 /* Release */ = {
			isa = XCBuildConfiguration;
			buildSettings = {
				ASSETCATALOG_COMPILER_APPICON_NAME = AppIcon;
				ASSETCATALOG_COMPILER_GLOBAL_ACCENT_COLOR_NAME = AccentColor;
				CODE_SIGN_STYLE = Automatic;
				CURRENT_PROJECT_VERSION = 1;
				DEVELOPMENT_ASSET_PATHS = "\"JarvisDemo/Preview Content\"";
				DEVELOPMENT_TEAM = D3574J47V9;
				ENABLE_PREVIEWS = YES;
				GENERATE_INFOPLIST_FILE = YES;
				INFOPLIST_KEY_UIApplicationSceneManifest_Generation = YES;
				INFOPLIST_KEY_UIApplicationSupportsIndirectInputEvents = YES;
				INFOPLIST_KEY_UILaunchStoryboardName = LaunchScreen;
				INFOPLIST_KEY_UISupportedInterfaceOrientations_iPad = "UIInterfaceOrientationPortrait UIInterfaceOrientationPortraitUpsideDown UIInterfaceOrientationLandscapeLeft UIInterfaceOrientationLandscapeRight";
				INFOPLIST_KEY_UISupportedInterfaceOrientations_iPhone = "UIInterfaceOrientationPortrait UIInterfaceOrientationLandscapeLeft UIInterfaceOrientationLandscapeRight";
				IPHONEOS_DEPLOYMENT_TARGET = 16.0;
				LD_RUNPATH_SEARCH_PATHS = (
					"$(inherited)",
					"@executable_path/Frameworks",
				);
				MARKETING_VERSION = 1.0.0;
				PRODUCT_BUNDLE_IDENTIFIER = com.jarvis.JarvisDemo;
				PRODUCT_NAME = "$(TARGET_NAME)";
				SWIFT_EMIT_LOC_STRINGS = YES;
				SWIFT_VERSION = 5.0;
				TARGETED_DEVICE_FAMILY = "1,2";
			};
			name = Release;
		};
		2A82D1972E25CDFE00C65589 /* Debug */ = {
			isa = XCBuildConfiguration;
			buildSettings = {
				BUNDLE_LOADER = "$(TEST_HOST)";
				CODE_SIGN_STYLE = Automatic;
				CURRENT_PROJECT_VERSION = 1;
				DEVELOPMENT_TEAM = D3574J47V9;
				GENERATE_INFOPLIST_FILE = YES;
				IPHONEOS_DEPLOYMENT_TARGET = 18.2;
				MARKETING_VERSION = 1.0;
				PRODUCT_BUNDLE_IDENTIFIER = com.jarvis.JarvisDemoTests;
				PRODUCT_NAME = "$(TARGET_NAME)";
				SWIFT_EMIT_LOC_STRINGS = NO;
				SWIFT_VERSION = 5.0;
				TARGETED_DEVICE_FAMILY = "1,2";
				TEST_HOST = "$(BUILT_PRODUCTS_DIR)/JarvisDemo.app/$(BUNDLE_EXECUTABLE_FOLDER_PATH)/JarvisDemo";
			};
			name = Debug;
		};
		2A82D1982E25CDFE00C65589 /* Release */ = {
			isa = XCBuildConfiguration;
			buildSettings = {
				BUNDLE_LOADER = "$(TEST_HOST)";
				CODE_SIGN_STYLE = Automatic;
				CURRENT_PROJECT_VERSION = 1;
				DEVELOPMENT_TEAM = D3574J47V9;
				GENERATE_INFOPLIST_FILE = YES;
				IPHONEOS_DEPLOYMENT_TARGET = 18.2;
				MARKETING_VERSION = 1.0;
				PRODUCT_BUNDLE_IDENTIFIER = com.jarvis.JarvisDemoTests;
				PRODUCT_NAME = "$(TARGET_NAME)";
				SWIFT_EMIT_LOC_STRINGS = NO;
				SWIFT_VERSION = 5.0;
				TARGETED_DEVICE_FAMILY = "1,2";
				TEST_HOST = "$(BUILT_PRODUCTS_DIR)/JarvisDemo.app/$(BUNDLE_EXECUTABLE_FOLDER_PATH)/JarvisDemo";
			};
			name = Release;
		};
		2A82D19A2E25CDFE00C65589 /* Debug */ = {
			isa = XCBuildConfiguration;
			buildSettings = {
				CODE_SIGN_STYLE = Automatic;
				CURRENT_PROJECT_VERSION = 1;
				DEVELOPMENT_TEAM = D3574J47V9;
				GENERATE_INFOPLIST_FILE = YES;
				MARKETING_VERSION = 1.0;
				PRODUCT_BUNDLE_IDENTIFIER = com.jarvis.JarvisDemoUITests;
				PRODUCT_NAME = "$(TARGET_NAME)";
				SWIFT_EMIT_LOC_STRINGS = NO;
				SWIFT_VERSION = 5.0;
				TARGETED_DEVICE_FAMILY = "1,2";
				TEST_TARGET_NAME = JarvisDemo;
			};
			name = Debug;
		};
		2A82D19B2E25CDFE00C65589 /* Release */ = {
			isa = XCBuildConfiguration;
			buildSettings = {
				CODE_SIGN_STYLE = Automatic;
				CURRENT_PROJECT_VERSION = 1;
				DEVELOPMENT_TEAM = D3574J47V9;
				GENERATE_INFOPLIST_FILE = YES;
				MARKETING_VERSION = 1.0;
				PRODUCT_BUNDLE_IDENTIFIER = com.jarvis.JarvisDemoUITests;
				PRODUCT_NAME = "$(TARGET_NAME)";
				SWIFT_EMIT_LOC_STRINGS = NO;
				SWIFT_VERSION = 5.0;
				TARGETED_DEVICE_FAMILY = "1,2";
				TEST_TARGET_NAME = JarvisDemo;
			};
			name = Release;
		};
/* End XCBuildConfiguration section */

/* Begin XCConfigurationList section */
		2A82D1682E25CDFC00C65589 /* Build configuration list for PBXProject "JarvisDemo" */ = {
			isa = XCConfigurationList;
			buildConfigurations = (
				2A82D1912E25CDFE00C65589 /* Debug */,
				2A82D1922E25CDFE00C65589 /* Release */,
			);
			defaultConfigurationIsVisible = 0;
			defaultConfigurationName = Release;
		};
		2A82D1932E25CDFE00C65589 /* Build configuration list for PBXNativeTarget "JarvisDemo" */ = {
			isa = XCConfigurationList;
			buildConfigurations = (
				2A82D1942E25CDFE00C65589 /* Debug */,
				2A82D1952E25CDFE00C65589 /* Release */,
			);
			defaultConfigurationIsVisible = 0;
			defaultConfigurationName = Release;
		};
		2A82D1962E25CDFE00C65589 /* Build configuration list for PBXNativeTarget "JarvisDemoTests" */ = {
			isa = XCConfigurationList;
			buildConfigurations = (
				2A82D1972E25CDFE00C65589 /* Debug */,
				2A82D1982E25CDFE00C65589 /* Release */,
			);
			defaultConfigurationIsVisible = 0;
			defaultConfigurationName = Release;
		};
		2A82D1992E25CDFE00C65589 /* Build configuration list for PBXNativeTarget "JarvisDemoUITests" */ = {
			isa = XCConfigurationList;
			buildConfigurations = (
				2A82D19A2E25CDFE00C65589 /* Debug */,
				2A82D19B2E25CDFE00C65589 /* Release */,
			);
			defaultConfigurationIsVisible = 0;
			defaultConfigurationName = Release;
		};
/* End XCConfigurationList section */

/* Begin XCLocalSwiftPackageReference section */
		2A6523062EAD6CFF0080EB38 /* XCLocalSwiftPackageReference "../JarvisDesignSystem" */ = {
			isa = XCLocalSwiftPackageReference;
			relativePath = ../JarvisDesignSystem;
		};
		2A65245C2EAEBAD50080EB38 /* XCLocalSwiftPackageReference "../JarvisSDK" */ = {
			isa = XCLocalSwiftPackageReference;
			relativePath = ../JarvisSDK;
		};
/* End XCLocalSwiftPackageReference section */

/* Begin XCSwiftPackageProductDependency section */
		2A139F312E9F027900C499DA /* Jarvis */ = {
			isa = XCSwiftPackageProductDependency;
			productName = Jarvis;
		};
		2A139F332E9F027900C499DA /* JarvisInspector */ = {
			isa = XCSwiftPackageProductDependency;
			productName = JarvisInspector;
		};
		2A139F352E9F027900C499DA /* JarvisPreferences */ = {
			isa = XCSwiftPackageProductDependency;
			productName = JarvisPreferences;
		};
		2A13A0062E9F977900C499DA /* Jarvis */ = {
			isa = XCSwiftPackageProductDependency;
			productName = Jarvis;
		};
		2A13A0082E9F977900C499DA /* JarvisInspector */ = {
			isa = XCSwiftPackageProductDependency;
			productName = JarvisInspector;
		};
		2A13A00A2E9F977900C499DA /* JarvisPreferences */ = {
			isa = XCSwiftPackageProductDependency;
			productName = JarvisPreferences;
		};
		2A13A00D2EA41C1200C499DA /* DesignSystem */ = {
			isa = XCSwiftPackageProductDependency;
			productName = DesignSystem;
		};
		2A13A0732EA52F3F00C499DA /* DesignSystem */ = {
			isa = XCSwiftPackageProductDependency;
			productName = DesignSystem;
		};
		2A13A0782EA5722400C499DA /* DesignSystem */ = {
			isa = XCSwiftPackageProductDependency;
			productName = DesignSystem;
		};
		2A6523072EAD6CFF0080EB38 /* DesignSystem */ = {
			isa = XCSwiftPackageProductDependency;
			productName = DesignSystem;
		};
		2A6523DE2EAD9F5B0080EB38 /* Jarvis */ = {
			isa = XCSwiftPackageProductDependency;
			productName = Jarvis;
		};
		2A6523E02EAD9F5B0080EB38 /* JarvisInspector */ = {
			isa = XCSwiftPackageProductDependency;
			productName = JarvisInspector;
		};
		2A6523E22EAD9F5B0080EB38 /* JarvisPreferences */ = {
			isa = XCSwiftPackageProductDependency;
			productName = JarvisPreferences;
		};
		2A6523E52EAE57850080EB38 /* Jarvis */ = {
			isa = XCSwiftPackageProductDependency;
			productName = Jarvis;
		};
		2A6523E72EAE57850080EB38 /* JarvisInspector */ = {
			isa = XCSwiftPackageProductDependency;
			productName = JarvisInspector;
		};
		2A6523E92EAE57850080EB38 /* JarvisPreferences */ = {
			isa = XCSwiftPackageProductDependency;
			productName = JarvisPreferences;
		};
		2A6524562EAEAA7C0080EB38 /* Jarvis */ = {
			isa = XCSwiftPackageProductDependency;
			productName = Jarvis;
		};
		2A6524582EAEAA7C0080EB38 /* JarvisInspector */ = {
			isa = XCSwiftPackageProductDependency;
			productName = JarvisInspector;
		};
		2A65245A2EAEAA7C0080EB38 /* JarvisPreferences */ = {
			isa = XCSwiftPackageProductDependency;
			productName = JarvisPreferences;
		};
		2A65245D2EAEBAD50080EB38 /* Jarvis */ = {
			isa = XCSwiftPackageProductDependency;
			productName = Jarvis;
		};
		2A65245F2EAEBAD50080EB38 /* JarvisInspector */ = {
			isa = XCSwiftPackageProductDependency;
			productName = JarvisInspector;
		};
		2A6524612EAEBAD50080EB38 /* JarvisPreferences */ = {
			isa = XCSwiftPackageProductDependency;
			productName = JarvisPreferences;
		};
/* End XCSwiftPackageProductDependency section */
	};
	rootObject = 2A82D1652E25CDFC00C65589 /* Project object */;
}
